// !$*UTF8*$!
{
	archiveVersion = 1;
	classes = {
	};
	objectVersion = 77;
	objects = {

/* Begin PBXBuildFile section */
		B6CDCC772E33E8C7004FDF82 /* SharedTypes.m in Sources */ = {isa = PBXBuildFile; fileRef = B6CDCC762E33E8B1004FDF82 /* SharedTypes.m */; };
		B6CDCC7D2E33EB1F004FDF82 /* ToolTypes.m in Sources */ = {isa = PBXBuildFile; fileRef = B6CDCC7C2E33EB1F004FDF82 /* ToolTypes.m */; };
		B6CDCC812E33EBD2004FDF82 /* SidebarView.m in Sources */ = {isa = PBXBuildFile; fileRef = B6CDCC802E33EBD2004FDF82 /* SidebarView.m */; };
		B6CDCC862E33F887004FDF82 /* File.m in Sources */ = {isa = PBXBuildFile; fileRef = B6CDCC852E33F358004FDF82 /* File.m */; };
		B6CDCC8B2E33FC6B004FDF82 /* Stream.m in Sources */ = {isa = PBXBuildFile; fileRef = B6CDCC8A2E33FC6B004FDF82 /* Stream.m */; };
		B6CDCC8E2E33FE4E004FDF82 /* MemoryStream.m in Sources */ = {isa = PBXBuildFile; fileRef = B6CDCC8D2E33FE4E004FDF82 /* MemoryStream.m */; };
		B6CDCC902E340297004FDF82 /* FileStream.m in Sources */ = {isa = PBXBuildFile; fileRef = B6CDCC8F2E340297004FDF82 /* FileStream.m */; };
		B6CDCC942E340521004FDF82 /* BinaryReader.m in Sources */ = {isa = PBXBuildFile; fileRef = B6CDCC932E340521004FDF82 /* BinaryReader.m */; };
		B6CDCC972E340622004FDF82 /* BinaryWriter.m in Sources */ = {isa = PBXBuildFile; fileRef = B6CDCC962E340622004FDF82 /* BinaryWriter.m */; };
		B6CDCC9A2E340790004FDF82 /* HeaderData.m in Sources */ = {isa = PBXBuildFile; fileRef = B6CDCC992E340790004FDF82 /* HeaderData.m */; };
		B6CDCC9D2E34271B004FDF82 /* HeaderIndex.m in Sources */ = {isa = PBXBuildFile; fileRef = B6CDCC9C2E34271B004FDF82 /* HeaderIndex.m */; };
		B6CDCCA02E3427DE004FDF82 /* HeaderHole.m in Sources */ = {isa = PBXBuildFile; fileRef = B6CDCC9F2E3427DE004FDF82 /* HeaderHole.m */; };
		B6CDCCA32E342902004FDF82 /* HoleIndexItem.m in Sources */ = {isa = PBXBuildFile; fileRef = B6CDCCA22E342902004FDF82 /* HoleIndexItem.m */; };
		B6CDCCA72E342B3D004FDF82 /* PackedFileDescriptorSimple.m in Sources */ = {isa = PBXBuildFile; fileRef = B6CDCCA62E342B3D004FDF82 /* PackedFileDescriptorSimple.m */; };
		B6CDCCAA2E342B97004FDF82 /* PackedFileDescriptor.m in Sources */ = {isa = PBXBuildFile; fileRef = B6CDCCA92E342B97004FDF82 /* PackedFileDescriptor.m */; };
		B6CDCCB42E34416F004FDF82 /* MetaData.m in Sources */ = {isa = PBXBuildFile; fileRef = B6CDCCB32E34416F004FDF82 /* MetaData.m */; };
		B6CDCCBB2E345922004FDF82 /* PackedFileDescriptors.m in Sources */ = {isa = PBXBuildFile; fileRef = B6CDCCBA2E345922004FDF82 /* PackedFileDescriptors.m */; };
/* End PBXBuildFile section */

/* Begin PBXContainerItemProxy section */
		B6CDCC5A2E33E838004FDF82 /* PBXContainerItemProxy */ = {
			isa = PBXContainerItemProxy;
			containerPortal = B6CDCC3C2E33E837004FDF82 /* Project object */;
			proxyType = 1;
			remoteGlobalIDString = B6CDCC432E33E837004FDF82;
			remoteInfo = MacSimpe;
		};
		B6CDCC642E33E838004FDF82 /* PBXContainerItemProxy */ = {
			isa = PBXContainerItemProxy;
			containerPortal = B6CDCC3C2E33E837004FDF82 /* Project object */;
			proxyType = 1;
			remoteGlobalIDString = B6CDCC432E33E837004FDF82;
			remoteInfo = MacSimpe;
		};
/* End PBXContainerItemProxy section */

/* Begin PBXFileReference section */
		B6CDCC442E33E837004FDF82 /* MacSimpe.app */ = {isa = PBXFileReference; explicitFileType = wrapper.application; includeInIndex = 0; path = MacSimpe.app; sourceTree = BUILT_PRODUCTS_DIR; };
		B6CDCC592E33E838004FDF82 /* MacSimpeTests.xctest */ = {isa = PBXFileReference; explicitFileType = wrapper.cfbundle; includeInIndex = 0; path = MacSimpeTests.xctest; sourceTree = BUILT_PRODUCTS_DIR; };
		B6CDCC632E33E838004FDF82 /* MacSimpeUITests.xctest */ = {isa = PBXFileReference; explicitFileType = wrapper.cfbundle; includeInIndex = 0; path = MacSimpeUITests.xctest; sourceTree = BUILT_PRODUCTS_DIR; };
		B6CDCC762E33E8B1004FDF82 /* SharedTypes.m */ = {isa = PBXFileReference; lastKnownFileType = sourcecode.c.objc; path = SharedTypes.m; sourceTree = "<group>"; };
		B6CDCC782E33E932004FDF82 /* SharedTypes.h */ = {isa = PBXFileReference; lastKnownFileType = sourcecode.c.h; path = SharedTypes.h; sourceTree = "<group>"; };
		B6CDCC792E33EA2F004FDF82 /* ToolTypes.h */ = {isa = PBXFileReference; lastKnownFileType = sourcecode.c.h; path = ToolTypes.h; sourceTree = "<group>"; };
		B6CDCC7C2E33EB1F004FDF82 /* ToolTypes.m */ = {isa = PBXFileReference; lastKnownFileType = sourcecode.c.objc; path = ToolTypes.m; sourceTree = "<group>"; };
		B6CDCC7F2E33EB76004FDF82 /* SidebarView.h */ = {isa = PBXFileReference; lastKnownFileType = sourcecode.c.h; path = SidebarView.h; sourceTree = "<group>"; };
		B6CDCC802E33EBD2004FDF82 /* SidebarView.m */ = {isa = PBXFileReference; lastKnownFileType = sourcecode.c.objc; path = SidebarView.m; sourceTree = "<group>"; };
		B6CDCC842E33F2EB004FDF82 /* File.h */ = {isa = PBXFileReference; lastKnownFileType = sourcecode.c.h; path = File.h; sourceTree = "<group>"; };
		B6CDCC852E33F358004FDF82 /* File.m */ = {isa = PBXFileReference; lastKnownFileType = sourcecode.c.objc; path = File.m; sourceTree = "<group>"; };
		B6CDCC892E33FBFF004FDF82 /* Stream.h */ = {isa = PBXFileReference; lastKnownFileType = sourcecode.c.h; path = Stream.h; sourceTree = "<group>"; };
		B6CDCC8A2E33FC6B004FDF82 /* Stream.m */ = {isa = PBXFileReference; lastKnownFileType = sourcecode.c.objc; path = Stream.m; sourceTree = "<group>"; };
		B6CDCC8C2E33FD63004FDF82 /* MemoryStream.h */ = {isa = PBXFileReference; lastKnownFileType = sourcecode.c.h; path = MemoryStream.h; sourceTree = "<group>"; };
		B6CDCC8D2E33FE4E004FDF82 /* MemoryStream.m */ = {isa = PBXFileReference; lastKnownFileType = sourcecode.c.objc; path = MemoryStream.m; sourceTree = "<group>"; };
		B6CDCC8F2E340297004FDF82 /* FileStream.m */ = {isa = PBXFileReference; lastKnownFileType = sourcecode.c.objc; path = FileStream.m; sourceTree = "<group>"; };
		B6CDCC912E3402CB004FDF82 /* FileStream.h */ = {isa = PBXFileReference; lastKnownFileType = sourcecode.c.h; path = FileStream.h; sourceTree = "<group>"; };
		B6CDCC922E3404F4004FDF82 /* BinaryReader.h */ = {isa = PBXFileReference; lastKnownFileType = sourcecode.c.h; path = BinaryReader.h; sourceTree = "<group>"; };
		B6CDCC932E340521004FDF82 /* BinaryReader.m */ = {isa = PBXFileReference; lastKnownFileType = sourcecode.c.objc; path = BinaryReader.m; sourceTree = "<group>"; };
		B6CDCC952E3405F0004FDF82 /* BinaryWriter.h */ = {isa = PBXFileReference; lastKnownFileType = sourcecode.c.h; path = BinaryWriter.h; sourceTree = "<group>"; };
		B6CDCC962E340622004FDF82 /* BinaryWriter.m */ = {isa = PBXFileReference; lastKnownFileType = sourcecode.c.objc; path = BinaryWriter.m; sourceTree = "<group>"; };
		B6CDCC982E34070A004FDF82 /* HeaderData.h */ = {isa = PBXFileReference; lastKnownFileType = sourcecode.c.h; path = HeaderData.h; sourceTree = "<group>"; };
		B6CDCC992E340790004FDF82 /* HeaderData.m */ = {isa = PBXFileReference; lastKnownFileType = sourcecode.c.objc; path = HeaderData.m; sourceTree = "<group>"; };
		B6CDCC9B2E3426C9004FDF82 /* HeaderIndex.h */ = {isa = PBXFileReference; lastKnownFileType = sourcecode.c.h; path = HeaderIndex.h; sourceTree = "<group>"; };
		B6CDCC9C2E34271B004FDF82 /* HeaderIndex.m */ = {isa = PBXFileReference; lastKnownFileType = sourcecode.c.objc; path = HeaderIndex.m; sourceTree = "<group>"; };
		B6CDCC9E2E3427A9004FDF82 /* HeaderHole.h */ = {isa = PBXFileReference; lastKnownFileType = sourcecode.c.h; path = HeaderHole.h; sourceTree = "<group>"; };
		B6CDCC9F2E3427DE004FDF82 /* HeaderHole.m */ = {isa = PBXFileReference; lastKnownFileType = sourcecode.c.objc; path = HeaderHole.m; sourceTree = "<group>"; };
		B6CDCCA12E3428CC004FDF82 /* HoleIndexItem.h */ = {isa = PBXFileReference; lastKnownFileType = sourcecode.c.h; path = HoleIndexItem.h; sourceTree = "<group>"; };
		B6CDCCA22E342902004FDF82 /* HoleIndexItem.m */ = {isa = PBXFileReference; lastKnownFileType = sourcecode.c.objc; path = HoleIndexItem.m; sourceTree = "<group>"; };
		B6CDCCA52E342AF5004FDF82 /* PackedFileDescriptorSimple.h */ = {isa = PBXFileReference; lastKnownFileType = sourcecode.c.h; path = PackedFileDescriptorSimple.h; sourceTree = "<group>"; };
		B6CDCCA62E342B3D004FDF82 /* PackedFileDescriptorSimple.m */ = {isa = PBXFileReference; lastKnownFileType = sourcecode.c.objc; path = PackedFileDescriptorSimple.m; sourceTree = "<group>"; };
		B6CDCCA82E342B75004FDF82 /* PackedFileDescriptor.h */ = {isa = PBXFileReference; lastKnownFileType = sourcecode.c.h; path = PackedFileDescriptor.h; sourceTree = "<group>"; };
		B6CDCCA92E342B97004FDF82 /* PackedFileDescriptor.m */ = {isa = PBXFileReference; lastKnownFileType = sourcecode.c.objc; path = PackedFileDescriptor.m; sourceTree = "<group>"; };
		B6CDCCAC2E342CAA004FDF82 /* IPackageHeader.h */ = {isa = PBXFileReference; lastKnownFileType = sourcecode.c.h; path = IPackageHeader.h; sourceTree = "<group>"; };
		B6CDCCAF2E342D63004FDF82 /* IPackageHeaderHole.h */ = {isa = PBXFileReference; lastKnownFileType = sourcecode.c.h; path = IPackageHeaderHole.h; sourceTree = "<group>"; };
		B6CDCCB02E3438A4004FDF82 /* IPackageHeaderIndex.h */ = {isa = PBXFileReference; lastKnownFileType = sourcecode.c.h; path = IPackageHeaderIndex.h; sourceTree = "<group>"; };
		B6CDCCB22E3440F7004FDF82 /* MetaData.h */ = {isa = PBXFileReference; lastKnownFileType = sourcecode.c.h; path = MetaData.h; sourceTree = "<group>"; };
		B6CDCCB32E34416F004FDF82 /* MetaData.m */ = {isa = PBXFileReference; lastKnownFileType = sourcecode.c.objc; path = MetaData.m; sourceTree = "<group>"; };
		B6CDCCB52E3447B2004FDF82 /* IPackedFileDescriptorSimple.h */ = {isa = PBXFileReference; lastKnownFileType = sourcecode.c.h; path = IPackedFileDescriptorSimple.h; sourceTree = "<group>"; };
		B6CDCCB62E344A43004FDF82 /* IPackedFileDescriptor.h */ = {isa = PBXFileReference; lastKnownFileType = sourcecode.c.h; path = IPackedFileDescriptor.h; sourceTree = "<group>"; };
		B6CDCCB82E3451DA004FDF82 /* IPackedFileDescriptorBasic.h */ = {isa = PBXFileReference; lastKnownFileType = sourcecode.c.h; path = IPackedFileDescriptorBasic.h; sourceTree = "<group>"; };
		B6CDCCB92E3458C2004FDF82 /* PackedFileDescriptors.h */ = {isa = PBXFileReference; lastKnownFileType = sourcecode.c.h; path = PackedFileDescriptors.h; sourceTree = "<group>"; };
		B6CDCCBA2E345922004FDF82 /* PackedFileDescriptors.m */ = {isa = PBXFileReference; lastKnownFileType = sourcecode.c.objc; path = PackedFileDescriptors.m; sourceTree = "<group>"; };
		B6CDCCBD2E34665C004FDF82 /* IPackageFile.h */ = {isa = PBXFileReference; lastKnownFileType = sourcecode.c.h; path = IPackageFile.h; sourceTree = "<group>"; };
/* End PBXFileReference section */

/* Begin PBXFileSystemSynchronizedRootGroup section */
		B6CDCC462E33E837004FDF82 /* MacSimpe */ = {
			isa = PBXFileSystemSynchronizedRootGroup;
			path = MacSimpe;
			sourceTree = "<group>";
		};
		B6CDCC5C2E33E838004FDF82 /* MacSimpeTests */ = {
			isa = PBXFileSystemSynchronizedRootGroup;
			path = MacSimpeTests;
			sourceTree = "<group>";
		};
		B6CDCC662E33E838004FDF82 /* MacSimpeUITests */ = {
			isa = PBXFileSystemSynchronizedRootGroup;
			path = MacSimpeUITests;
			sourceTree = "<group>";
		};
/* End PBXFileSystemSynchronizedRootGroup section */

/* Begin PBXFrameworksBuildPhase section */
		B6CDCC412E33E837004FDF82 /* Frameworks */ = {
			isa = PBXFrameworksBuildPhase;
			buildActionMask = 2147483647;
			files = (
			);
			runOnlyForDeploymentPostprocessing = 0;
		};
		B6CDCC562E33E838004FDF82 /* Frameworks */ = {
			isa = PBXFrameworksBuildPhase;
			buildActionMask = 2147483647;
			files = (
			);
			runOnlyForDeploymentPostprocessing = 0;
		};
		B6CDCC602E33E838004FDF82 /* Frameworks */ = {
			isa = PBXFrameworksBuildPhase;
			buildActionMask = 2147483647;
			files = (
			);
			runOnlyForDeploymentPostprocessing = 0;
		};
/* End PBXFrameworksBuildPhase section */

/* Begin PBXGroup section */
		B6CDCC3B2E33E837004FDF82 = {
			isa = PBXGroup;
			children = (
				B6CDCCB12E3440CA004FDF82 /* Helper */,
				B6CDCCAB2E342C69004FDF82 /* Interfaces */,
				B6CDCC872E33FBC2004FDF82 /* IO */,
				B6CDCC832E33F1CA004FDF82 /* Packages */,
				B6CDCC822E33F0F3004FDF82 /* GUI */,
				B6CDCC5C2E33E838004FDF82 /* MacSimpeTests */,
				B6CDCC662E33E838004FDF82 /* MacSimpeUITests */,
				B6CDCC452E33E837004FDF82 /* Products */,
				B6CDCC462E33E837004FDF82 /* MacSimpe */,
			);
			sourceTree = "<group>";
		};
		B6CDCC452E33E837004FDF82 /* Products */ = {
			isa = PBXGroup;
			children = (
				B6CDCC442E33E837004FDF82 /* MacSimpe.app */,
				B6CDCC592E33E838004FDF82 /* MacSimpeTests.xctest */,
				B6CDCC632E33E838004FDF82 /* MacSimpeUITests.xctest */,
			);
			name = Products;
			sourceTree = "<group>";
		};
		B6CDCC822E33F0F3004FDF82 /* GUI */ = {
			isa = PBXGroup;
			children = (
				B6CDCC782E33E932004FDF82 /* SharedTypes.h */,
				B6CDCC762E33E8B1004FDF82 /* SharedTypes.m */,
				B6CDCC7F2E33EB76004FDF82 /* SidebarView.h */,
				B6CDCC802E33EBD2004FDF82 /* SidebarView.m */,
				B6CDCC792E33EA2F004FDF82 /* ToolTypes.h */,
				B6CDCC7C2E33EB1F004FDF82 /* ToolTypes.m */,
			);
			path = GUI;
			sourceTree = "<group>";
		};
		B6CDCC832E33F1CA004FDF82 /* Packages */ = {
			isa = PBXGroup;
			children = (
				B6CDCC852E33F358004FDF82 /* File.m */,
				B6CDCC842E33F2EB004FDF82 /* File.h */,
				B6CDCC982E34070A004FDF82 /* HeaderData.h */,
				B6CDCC992E340790004FDF82 /* HeaderData.m */,
				B6CDCC9B2E3426C9004FDF82 /* HeaderIndex.h */,
				B6CDCC9C2E34271B004FDF82 /* HeaderIndex.m */,
				B6CDCC9E2E3427A9004FDF82 /* HeaderHole.h */,
				B6CDCC9F2E3427DE004FDF82 /* HeaderHole.m */,
				B6CDCCA12E3428CC004FDF82 /* HoleIndexItem.h */,
				B6CDCCA22E342902004FDF82 /* HoleIndexItem.m */,
				B6CDCCA52E342AF5004FDF82 /* PackedFileDescriptorSimple.h */,
				B6CDCCA62E342B3D004FDF82 /* PackedFileDescriptorSimple.m */,
				B6CDCCA82E342B75004FDF82 /* PackedFileDescriptor.h */,
				B6CDCCA92E342B97004FDF82 /* PackedFileDescriptor.m */,
				B6CDCCB92E3458C2004FDF82 /* PackedFileDescriptors.h */,
				B6CDCCBA2E345922004FDF82 /* PackedFileDescriptors.m */,
			);
			path = Packages;
			sourceTree = "<group>";
		};
		B6CDCC872E33FBC2004FDF82 /* IO */ = {
			isa = PBXGroup;
			children = (
				B6CDCC892E33FBFF004FDF82 /* Stream.h */,
				B6CDCC8A2E33FC6B004FDF82 /* Stream.m */,
				B6CDCC8C2E33FD63004FDF82 /* MemoryStream.h */,
				B6CDCC8D2E33FE4E004FDF82 /* MemoryStream.m */,
				B6CDCC8F2E340297004FDF82 /* FileStream.m */,
				B6CDCC912E3402CB004FDF82 /* FileStream.h */,
				B6CDCC922E3404F4004FDF82 /* BinaryReader.h */,
				B6CDCC932E340521004FDF82 /* BinaryReader.m */,
				B6CDCC952E3405F0004FDF82 /* BinaryWriter.h */,
				B6CDCC962E340622004FDF82 /* BinaryWriter.m */,
			);
			path = IO;
			sourceTree = "<group>";
		};
		B6CDCCAB2E342C69004FDF82 /* Interfaces */ = {
			isa = PBXGroup;
			children = (
				B6CDCCAC2E342CAA004FDF82 /* IPackageHeader.h */,
				B6CDCCAF2E342D63004FDF82 /* IPackageHeaderHole.h */,
				B6CDCCB02E3438A4004FDF82 /* IPackageHeaderIndex.h */,
				B6CDCCB52E3447B2004FDF82 /* IPackedFileDescriptorSimple.h */,
				B6CDCCB62E344A43004FDF82 /* IPackedFileDescriptor.h */,
				B6CDCCBD2E34665C004FDF82 /* IPackageFile.h */,
			);
			path = Interfaces;
			sourceTree = "<group>";
		};
		B6CDCCB12E3440CA004FDF82 /* Helper */ = {
			isa = PBXGroup;
			children = (
				B6CDCCB22E3440F7004FDF82 /* MetaData.h */,
				B6CDCCB32E34416F004FDF82 /* MetaData.m */,
				B6CDCCB82E3451DA004FDF82 /* IPackedFileDescriptorBasic.h */,
			);
			path = Helper;
			sourceTree = "<group>";
		};
/* End PBXGroup section */

/* Begin PBXNativeTarget section */
		B6CDCC432E33E837004FDF82 /* MacSimpe */ = {
			isa = PBXNativeTarget;
			buildConfigurationList = B6CDCC6D2E33E838004FDF82 /* Build configuration list for PBXNativeTarget "MacSimpe" */;
			buildPhases = (
				B6CDCC402E33E837004FDF82 /* Sources */,
				B6CDCC412E33E837004FDF82 /* Frameworks */,
				B6CDCC422E33E837004FDF82 /* Resources */,
			);
			buildRules = (
			);
			dependencies = (
			);
			fileSystemSynchronizedGroups = (
				B6CDCC462E33E837004FDF82 /* MacSimpe */,
			);
			name = MacSimpe;
			packageProductDependencies = (
			);
			productName = MacSimpe;
			productReference = B6CDCC442E33E837004FDF82 /* MacSimpe.app */;
			productType = "com.apple.product-type.application";
		};
		B6CDCC582E33E838004FDF82 /* MacSimpeTests */ = {
			isa = PBXNativeTarget;
			buildConfigurationList = B6CDCC702E33E838004FDF82 /* Build configuration list for PBXNativeTarget "MacSimpeTests" */;
			buildPhases = (
				B6CDCC552E33E838004FDF82 /* Sources */,
				B6CDCC562E33E838004FDF82 /* Frameworks */,
				B6CDCC572E33E838004FDF82 /* Resources */,
			);
			buildRules = (
			);
			dependencies = (
				B6CDCC5B2E33E838004FDF82 /* PBXTargetDependency */,
			);
			fileSystemSynchronizedGroups = (
				B6CDCC5C2E33E838004FDF82 /* MacSimpeTests */,
			);
			name = MacSimpeTests;
			packageProductDependencies = (
			);
			productName = MacSimpeTests;
			productReference = B6CDCC592E33E838004FDF82 /* MacSimpeTests.xctest */;
			productType = "com.apple.product-type.bundle.unit-test";
		};
		B6CDCC622E33E838004FDF82 /* MacSimpeUITests */ = {
			isa = PBXNativeTarget;
			buildConfigurationList = B6CDCC732E33E838004FDF82 /* Build configuration list for PBXNativeTarget "MacSimpeUITests" */;
			buildPhases = (
				B6CDCC5F2E33E838004FDF82 /* Sources */,
				B6CDCC602E33E838004FDF82 /* Frameworks */,
				B6CDCC612E33E838004FDF82 /* Resources */,
			);
			buildRules = (
			);
			dependencies = (
				B6CDCC652E33E838004FDF82 /* PBXTargetDependency */,
			);
			fileSystemSynchronizedGroups = (
				B6CDCC662E33E838004FDF82 /* MacSimpeUITests */,
			);
			name = MacSimpeUITests;
			packageProductDependencies = (
			);
			productName = MacSimpeUITests;
			productReference = B6CDCC632E33E838004FDF82 /* MacSimpeUITests.xctest */;
			productType = "com.apple.product-type.bundle.ui-testing";
		};
/* End PBXNativeTarget section */

/* Begin PBXProject section */
		B6CDCC3C2E33E837004FDF82 /* Project object */ = {
			isa = PBXProject;
			attributes = {
				BuildIndependentTargetsInParallel = 1;
				LastUpgradeCheck = 1640;
				TargetAttributes = {
					B6CDCC432E33E837004FDF82 = {
						CreatedOnToolsVersion = 16.4;
					};
					B6CDCC582E33E838004FDF82 = {
						CreatedOnToolsVersion = 16.4;
						TestTargetID = B6CDCC432E33E837004FDF82;
					};
					B6CDCC622E33E838004FDF82 = {
						CreatedOnToolsVersion = 16.4;
						TestTargetID = B6CDCC432E33E837004FDF82;
					};
				};
			};
			buildConfigurationList = B6CDCC3F2E33E837004FDF82 /* Build configuration list for PBXProject "MacSimpe" */;
			developmentRegion = en;
			hasScannedForEncodings = 0;
			knownRegions = (
				en,
				Base,
			);
			mainGroup = B6CDCC3B2E33E837004FDF82;
			minimizedProjectReferenceProxies = 1;
			preferredProjectObjectVersion = 77;
			productRefGroup = B6CDCC452E33E837004FDF82 /* Products */;
			projectDirPath = "";
			projectRoot = "";
			targets = (
				B6CDCC432E33E837004FDF82 /* MacSimpe */,
				B6CDCC582E33E838004FDF82 /* MacSimpeTests */,
				B6CDCC622E33E838004FDF82 /* MacSimpeUITests */,
			);
		};
/* End PBXProject section */

/* Begin PBXResourcesBuildPhase section */
		B6CDCC422E33E837004FDF82 /* Resources */ = {
			isa = PBXResourcesBuildPhase;
			buildActionMask = 2147483647;
			files = (
			);
			runOnlyForDeploymentPostprocessing = 0;
		};
		B6CDCC572E33E838004FDF82 /* Resources */ = {
			isa = PBXResourcesBuildPhase;
			buildActionMask = 2147483647;
			files = (
			);
			runOnlyForDeploymentPostprocessing = 0;
		};
		B6CDCC612E33E838004FDF82 /* Resources */ = {
			isa = PBXResourcesBuildPhase;
			buildActionMask = 2147483647;
			files = (
			);
			runOnlyForDeploymentPostprocessing = 0;
		};
/* End PBXResourcesBuildPhase section */

/* Begin PBXSourcesBuildPhase section */
		B6CDCC402E33E837004FDF82 /* Sources */ = {
			isa = PBXSourcesBuildPhase;
			buildActionMask = 2147483647;
			files = (
				B6CDCC7D2E33EB1F004FDF82 /* ToolTypes.m in Sources */,
				B6CDCC9D2E34271B004FDF82 /* HeaderIndex.m in Sources */,
				B6CDCC812E33EBD2004FDF82 /* SidebarView.m in Sources */,
				B6CDCC772E33E8C7004FDF82 /* SharedTypes.m in Sources */,
				B6CDCC902E340297004FDF82 /* FileStream.m in Sources */,
				B6CDCCAA2E342B97004FDF82 /* PackedFileDescriptor.m in Sources */,
				B6CDCC942E340521004FDF82 /* BinaryReader.m in Sources */,
				B6CDCC972E340622004FDF82 /* BinaryWriter.m in Sources */,
				B6CDCCA32E342902004FDF82 /* HoleIndexItem.m in Sources */,
				B6CDCC8E2E33FE4E004FDF82 /* MemoryStream.m in Sources */,
				B6CDCC862E33F887004FDF82 /* File.m in Sources */,
				B6CDCC9A2E340790004FDF82 /* HeaderData.m in Sources */,
				B6CDCCB42E34416F004FDF82 /* MetaData.m in Sources */,
				B6CDCCA72E342B3D004FDF82 /* PackedFileDescriptorSimple.m in Sources */,
				B6CDCCBB2E345922004FDF82 /* PackedFileDescriptors.m in Sources */,
				B6CDCC8B2E33FC6B004FDF82 /* Stream.m in Sources */,
				B6CDCCA02E3427DE004FDF82 /* HeaderHole.m in Sources */,
			);
			runOnlyForDeploymentPostprocessing = 0;
		};
		B6CDCC552E33E838004FDF82 /* Sources */ = {
			isa = PBXSourcesBuildPhase;
			buildActionMask = 2147483647;
			files = (
			);
			runOnlyForDeploymentPostprocessing = 0;
		};
		B6CDCC5F2E33E838004FDF82 /* Sources */ = {
			isa = PBXSourcesBuildPhase;
			buildActionMask = 2147483647;
			files = (
			);
			runOnlyForDeploymentPostprocessing = 0;
		};
/* End PBXSourcesBuildPhase section */

/* Begin PBXTargetDependency section */
		B6CDCC5B2E33E838004FDF82 /* PBXTargetDependency */ = {
			isa = PBXTargetDependency;
			target = B6CDCC432E33E837004FDF82 /* MacSimpe */;
			targetProxy = B6CDCC5A2E33E838004FDF82 /* PBXContainerItemProxy */;
		};
		B6CDCC652E33E838004FDF82 /* PBXTargetDependency */ = {
			isa = PBXTargetDependency;
			target = B6CDCC432E33E837004FDF82 /* MacSimpe */;
			targetProxy = B6CDCC642E33E838004FDF82 /* PBXContainerItemProxy */;
		};
/* End PBXTargetDependency section */

/* Begin XCBuildConfiguration section */
		B6CDCC6B2E33E838004FDF82 /* Debug */ = {
			isa = XCBuildConfiguration;
			buildSettings = {
				ALWAYS_SEARCH_USER_PATHS = NO;
				ASSETCATALOG_COMPILER_GENERATE_SWIFT_ASSET_SYMBOL_EXTENSIONS = YES;
				CLANG_ANALYZER_NONNULL = YES;
				CLANG_ANALYZER_NUMBER_OBJECT_CONVERSION = YES_AGGRESSIVE;
				CLANG_CXX_LANGUAGE_STANDARD = "gnu++20";
				CLANG_ENABLE_MODULES = YES;
				CLANG_ENABLE_OBJC_ARC = YES;
				CLANG_ENABLE_OBJC_WEAK = YES;
				CLANG_WARN_BLOCK_CAPTURE_AUTORELEASING = YES;
				CLANG_WARN_BOOL_CONVERSION = YES;
				CLANG_WARN_COMMA = YES;
				CLANG_WARN_CONSTANT_CONVERSION = YES;
				CLANG_WARN_DEPRECATED_OBJC_IMPLEMENTATIONS = YES;
				CLANG_WARN_DIRECT_OBJC_ISA_USAGE = YES_ERROR;
				CLANG_WARN_DOCUMENTATION_COMMENTS = YES;
				CLANG_WARN_EMPTY_BODY = YES;
				CLANG_WARN_ENUM_CONVERSION = YES;
				CLANG_WARN_INFINITE_RECURSION = YES;
				CLANG_WARN_INT_CONVERSION = YES;
				CLANG_WARN_NON_LITERAL_NULL_CONVERSION = YES;
				CLANG_WARN_OBJC_IMPLICIT_RETAIN_SELF = YES;
				CLANG_WARN_OBJC_LITERAL_CONVERSION = YES;
				CLANG_WARN_OBJC_ROOT_CLASS = YES_ERROR;
				CLANG_WARN_QUOTED_INCLUDE_IN_FRAMEWORK_HEADER = YES;
				CLANG_WARN_RANGE_LOOP_ANALYSIS = YES;
				CLANG_WARN_STRICT_PROTOTYPES = YES;
				CLANG_WARN_SUSPICIOUS_MOVE = YES;
				CLANG_WARN_UNGUARDED_AVAILABILITY = YES_AGGRESSIVE;
				CLANG_WARN_UNREACHABLE_CODE = YES;
				CLANG_WARN__DUPLICATE_METHOD_MATCH = YES;
				COPY_PHASE_STRIP = NO;
				DEBUG_INFORMATION_FORMAT = dwarf;
				DEVELOPMENT_TEAM = AJHGU52KS3;
				ENABLE_STRICT_OBJC_MSGSEND = YES;
				ENABLE_TESTABILITY = YES;
				ENABLE_USER_SCRIPT_SANDBOXING = YES;
				GCC_C_LANGUAGE_STANDARD = gnu17;
				GCC_DYNAMIC_NO_PIC = NO;
				GCC_NO_COMMON_BLOCKS = YES;
				GCC_OPTIMIZATION_LEVEL = 0;
				GCC_PREPROCESSOR_DEFINITIONS = (
					"DEBUG=1",
					"$(inherited)",
				);
				GCC_WARN_64_TO_32_BIT_CONVERSION = YES;
				GCC_WARN_ABOUT_RETURN_TYPE = YES_ERROR;
				GCC_WARN_UNDECLARED_SELECTOR = YES;
				GCC_WARN_UNINITIALIZED_AUTOS = YES_AGGRESSIVE;
				GCC_WARN_UNUSED_FUNCTION = YES;
				GCC_WARN_UNUSED_VARIABLE = YES;
				LOCALIZATION_PREFERS_STRING_CATALOGS = YES;
				MACOSX_DEPLOYMENT_TARGET = 15.5;
				MTL_ENABLE_DEBUG_INFO = INCLUDE_SOURCE;
				MTL_FAST_MATH = YES;
				ONLY_ACTIVE_ARCH = YES;
				SDKROOT = macosx;
			};
			name = Debug;
		};
		B6CDCC6C2E33E838004FDF82 /* Release */ = {
			isa = XCBuildConfiguration;
			buildSettings = {
				ALWAYS_SEARCH_USER_PATHS = NO;
				ASSETCATALOG_COMPILER_GENERATE_SWIFT_ASSET_SYMBOL_EXTENSIONS = YES;
				CLANG_ANALYZER_NONNULL = YES;
				CLANG_ANALYZER_NUMBER_OBJECT_CONVERSION = YES_AGGRESSIVE;
				CLANG_CXX_LANGUAGE_STANDARD = "gnu++20";
				CLANG_ENABLE_MODULES = YES;
				CLANG_ENABLE_OBJC_ARC = YES;
				CLANG_ENABLE_OBJC_WEAK = YES;
				CLANG_WARN_BLOCK_CAPTURE_AUTORELEASING = YES;
				CLANG_WARN_BOOL_CONVERSION = YES;
				CLANG_WARN_COMMA = YES;
				CLANG_WARN_CONSTANT_CONVERSION = YES;
				CLANG_WARN_DEPRECATED_OBJC_IMPLEMENTATIONS = YES;
				CLANG_WARN_DIRECT_OBJC_ISA_USAGE = YES_ERROR;
				CLANG_WARN_DOCUMENTATION_COMMENTS = YES;
				CLANG_WARN_EMPTY_BODY = YES;
				CLANG_WARN_ENUM_CONVERSION = YES;
				CLANG_WARN_INFINITE_RECURSION = YES;
				CLANG_WARN_INT_CONVERSION = YES;
				CLANG_WARN_NON_LITERAL_NULL_CONVERSION = YES;
				CLANG_WARN_OBJC_IMPLICIT_RETAIN_SELF = YES;
				CLANG_WARN_OBJC_LITERAL_CONVERSION = YES;
				CLANG_WARN_OBJC_ROOT_CLASS = YES_ERROR;
				CLANG_WARN_QUOTED_INCLUDE_IN_FRAMEWORK_HEADER = YES;
				CLANG_WARN_RANGE_LOOP_ANALYSIS = YES;
				CLANG_WARN_STRICT_PROTOTYPES = YES;
				CLANG_WARN_SUSPICIOUS_MOVE = YES;
				CLANG_WARN_UNGUARDED_AVAILABILITY = YES_AGGRESSIVE;
				CLANG_WARN_UNREACHABLE_CODE = YES;
				CLANG_WARN__DUPLICATE_METHOD_MATCH = YES;
				COPY_PHASE_STRIP = NO;
				DEBUG_INFORMATION_FORMAT = "dwarf-with-dsym";
				DEVELOPMENT_TEAM = AJHGU52KS3;
				ENABLE_NS_ASSERTIONS = NO;
				ENABLE_STRICT_OBJC_MSGSEND = YES;
				ENABLE_USER_SCRIPT_SANDBOXING = YES;
				GCC_C_LANGUAGE_STANDARD = gnu17;
				GCC_NO_COMMON_BLOCKS = YES;
				GCC_WARN_64_TO_32_BIT_CONVERSION = YES;
				GCC_WARN_ABOUT_RETURN_TYPE = YES_ERROR;
				GCC_WARN_UNDECLARED_SELECTOR = YES;
				GCC_WARN_UNINITIALIZED_AUTOS = YES_AGGRESSIVE;
				GCC_WARN_UNUSED_FUNCTION = YES;
				GCC_WARN_UNUSED_VARIABLE = YES;
				LOCALIZATION_PREFERS_STRING_CATALOGS = YES;
				MACOSX_DEPLOYMENT_TARGET = 15.5;
				MTL_ENABLE_DEBUG_INFO = NO;
				MTL_FAST_MATH = YES;
				SDKROOT = macosx;
			};
			name = Release;
		};
		B6CDCC6E2E33E838004FDF82 /* Debug */ = {
			isa = XCBuildConfiguration;
			buildSettings = {
				ASSETCATALOG_COMPILER_APPICON_NAME = AppIcon;
				ASSETCATALOG_COMPILER_GLOBAL_ACCENT_COLOR_NAME = AccentColor;
				CODE_SIGN_ENTITLEMENTS = MacSimpe/MacSimpe.entitlements;
				CODE_SIGN_STYLE = Automatic;
				COMBINE_HIDPI_IMAGES = YES;
				CURRENT_PROJECT_VERSION = 1;
				DEVELOPMENT_TEAM = AJHGU52KS3;
				ENABLE_HARDENED_RUNTIME = YES;
				GENERATE_INFOPLIST_FILE = YES;
				INFOPLIST_KEY_CFBundleDisplayName = "SimPE for Mac";
				INFOPLIST_KEY_LSApplicationCategoryType = "public.app-category.utilities";
				INFOPLIST_KEY_NSHumanReadableCopyright = "";
				INFOPLIST_KEY_NSMainStoryboardFile = Main;
				INFOPLIST_KEY_NSPrincipalClass = NSApplication;
				LD_RUNPATH_SEARCH_PATHS = (
					"$(inherited)",
					"@executable_path/../Frameworks",
				);
				MACOSX_DEPLOYMENT_TARGET = 13.5;
				MARKETING_VERSION = 1.0;
				PRODUCT_BUNDLE_IDENTIFIER = "Gramze-Sweatshop.MacSimpe";
				PRODUCT_NAME = "$(TARGET_NAME)";
				REGISTER_APP_GROUPS = YES;
				SWIFT_EMIT_LOC_STRINGS = YES;
			};
			name = Debug;
		};
		B6CDCC6F2E33E838004FDF82 /* Release */ = {
			isa = XCBuildConfiguration;
			buildSettings = {
				ASSETCATALOG_COMPILER_APPICON_NAME = AppIcon;
				ASSETCATALOG_COMPILER_GLOBAL_ACCENT_COLOR_NAME = AccentColor;
				CODE_SIGN_ENTITLEMENTS = MacSimpe/MacSimpe.entitlements;
				CODE_SIGN_STYLE = Automatic;
				COMBINE_HIDPI_IMAGES = YES;
				CURRENT_PROJECT_VERSION = 1;
				DEVELOPMENT_TEAM = AJHGU52KS3;
				ENABLE_HARDENED_RUNTIME = YES;
				GENERATE_INFOPLIST_FILE = YES;
				INFOPLIST_KEY_CFBundleDisplayName = "SimPE for Mac";
				INFOPLIST_KEY_LSApplicationCategoryType = "public.app-category.utilities";
				INFOPLIST_KEY_NSHumanReadableCopyright = "";
				INFOPLIST_KEY_NSMainStoryboardFile = Main;
				INFOPLIST_KEY_NSPrincipalClass = NSApplication;
				LD_RUNPATH_SEARCH_PATHS = (
					"$(inherited)",
					"@executable_path/../Frameworks",
				);
				MACOSX_DEPLOYMENT_TARGET = 13.5;
				MARKETING_VERSION = 1.0;
				PRODUCT_BUNDLE_IDENTIFIER = "Gramze-Sweatshop.MacSimpe";
				PRODUCT_NAME = "$(TARGET_NAME)";
				REGISTER_APP_GROUPS = YES;
				SWIFT_EMIT_LOC_STRINGS = YES;
			};
			name = Release;
		};
		B6CDCC712E33E838004FDF82 /* Debug */ = {
			isa = XCBuildConfiguration;
			buildSettings = {
				BUNDLE_LOADER = "$(TEST_HOST)";
				CODE_SIGN_STYLE = Automatic;
				CURRENT_PROJECT_VERSION = 1;
				DEVELOPMENT_TEAM = AJHGU52KS3;
				GENERATE_INFOPLIST_FILE = YES;
				MACOSX_DEPLOYMENT_TARGET = 15.5;
				MARKETING_VERSION = 1.0;
				PRODUCT_BUNDLE_IDENTIFIER = "Gramze-Sweatshop.MacSimpeTests";
				PRODUCT_NAME = "$(TARGET_NAME)";
				SWIFT_EMIT_LOC_STRINGS = NO;
				TEST_HOST = "$(BUILT_PRODUCTS_DIR)/MacSimpe.app/$(BUNDLE_EXECUTABLE_FOLDER_PATH)/MacSimpe";
			};
			name = Debug;
		};
		B6CDCC722E33E838004FDF82 /* Release */ = {
			isa = XCBuildConfiguration;
			buildSettings = {
				BUNDLE_LOADER = "$(TEST_HOST)";
				CODE_SIGN_STYLE = Automatic;
				CURRENT_PROJECT_VERSION = 1;
				DEVELOPMENT_TEAM = AJHGU52KS3;
				GENERATE_INFOPLIST_FILE = YES;
				MACOSX_DEPLOYMENT_TARGET = 15.5;
				MARKETING_VERSION = 1.0;
				PRODUCT_BUNDLE_IDENTIFIER = "Gramze-Sweatshop.MacSimpeTests";
				PRODUCT_NAME = "$(TARGET_NAME)";
				SWIFT_EMIT_LOC_STRINGS = NO;
				TEST_HOST = "$(BUILT_PRODUCTS_DIR)/MacSimpe.app/$(BUNDLE_EXECUTABLE_FOLDER_PATH)/MacSimpe";
			};
			name = Release;
		};
		B6CDCC742E33E838004FDF82 /* Debug */ = {
			isa = XCBuildConfiguration;
			buildSettings = {
				CODE_SIGN_STYLE = Automatic;
				CURRENT_PROJECT_VERSION = 1;
				DEVELOPMENT_TEAM = AJHGU52KS3;
				GENERATE_INFOPLIST_FILE = YES;
				MARKETING_VERSION = 1.0;
				PRODUCT_BUNDLE_IDENTIFIER = "Gramze-Sweatshop.MacSimpeUITests";
				PRODUCT_NAME = "$(TARGET_NAME)";
				SWIFT_EMIT_LOC_STRINGS = NO;
				TEST_TARGET_NAME = MacSimpe;
			};
			name = Debug;
		};
		B6CDCC752E33E838004FDF82 /* Release */ = {
			isa = XCBuildConfiguration;
			buildSettings = {
				CODE_SIGN_STYLE = Automatic;
				CURRENT_PROJECT_VERSION = 1;
				DEVELOPMENT_TEAM = AJHGU52KS3;
				GENERATE_INFOPLIST_FILE = YES;
				MARKETING_VERSION = 1.0;
				PRODUCT_BUNDLE_IDENTIFIER = "Gramze-Sweatshop.MacSimpeUITests";
				PRODUCT_NAME = "$(TARGET_NAME)";
				SWIFT_EMIT_LOC_STRINGS = NO;
				TEST_TARGET_NAME = MacSimpe;
			};
			name = Release;
		};
/* End XCBuildConfiguration section */

/* Begin XCConfigurationList section */
		B6CDCC3F2E33E837004FDF82 /* Build configuration list for PBXProject "MacSimpe" */ = {
			isa = XCConfigurationList;
			buildConfigurations = (
				B6CDCC6B2E33E838004FDF82 /* Debug */,
				B6CDCC6C2E33E838004FDF82 /* Release */,
			);
			defaultConfigurationIsVisible = 0;
			defaultConfigurationName = Release;
		};
		B6CDCC6D2E33E838004FDF82 /* Build configuration list for PBXNativeTarget "MacSimpe" */ = {
			isa = XCConfigurationList;
			buildConfigurations = (
				B6CDCC6E2E33E838004FDF82 /* Debug */,
				B6CDCC6F2E33E838004FDF82 /* Release */,
			);
			defaultConfigurationIsVisible = 0;
			defaultConfigurationName = Release;
		};
		B6CDCC702E33E838004FDF82 /* Build configuration list for PBXNativeTarget "MacSimpeTests" */ = {
			isa = XCConfigurationList;
			buildConfigurations = (
				B6CDCC712E33E838004FDF82 /* Debug */,
				B6CDCC722E33E838004FDF82 /* Release */,
			);
			defaultConfigurationIsVisible = 0;
			defaultConfigurationName = Release;
		};
		B6CDCC732E33E838004FDF82 /* Build configuration list for PBXNativeTarget "MacSimpeUITests" */ = {
			isa = XCConfigurationList;
			buildConfigurations = (
				B6CDCC742E33E838004FDF82 /* Debug */,
				B6CDCC752E33E838004FDF82 /* Release */,
			);
			defaultConfigurationIsVisible = 0;
			defaultConfigurationName = Release;
		};
/* End XCConfigurationList section */
	};
	rootObject = B6CDCC3C2E33E837004FDF82 /* Project object */;
}
