// !$*UTF8*$!
{
	archiveVersion = 1;
	classes = {
	};
	objectVersion = 77;
	objects = {

/* Begin PBXBuildFile section */
		B61C4CFC2E456EF300BC38B4 /* PackageFiles.m in Sources */ = {isa = PBXBuildFile; fileRef = B61C4CFB2E456EF300BC38B4 /* PackageFiles.m */; };
		B61CE5692E3A84A200547C40 /* ResourceNameSorter.m in Sources */ = {isa = PBXBuildFile; fileRef = B61CE5682E3A84A200547C40 /* ResourceNameSorter.m */; };
		B61CE56C2E3A85A800547C40 /* ViewFilter.m in Sources */ = {isa = PBXBuildFile; fileRef = B61CE56B2E3A85A800547C40 /* ViewFilter.m */; };
		B61CE56F2E3A863800547C40 /* WaitControl.m in Sources */ = {isa = PBXBuildFile; fileRef = B61CE56E2E3A863800547C40 /* WaitControl.m */; };
		B61CE5732E3A882000547C40 /* Wait.m in Sources */ = {isa = PBXBuildFile; fileRef = B61CE5722E3A882000547C40 /* Wait.m */; };
		B61CE59A2E3ADAB200547C40 /* Localization.m in Sources */ = {isa = PBXBuildFile; fileRef = B61CE5992E3ADAB200547C40 /* Localization.m */; };
		B61CE5A02E3AE10A00547C40 /* FileTableBase.m in Sources */ = {isa = PBXBuildFile; fileRef = B61CE59F2E3AE10A00547C40 /* FileTableBase.m */; };
		B61CE5A32E3AE68400547C40 /* PackageRepair.m in Sources */ = {isa = PBXBuildFile; fileRef = B61CE5A22E3AE68400547C40 /* PackageRepair.m */; };
		B61CE5A62E3AE72300547C40 /* SimPEResourceIndex.m in Sources */ = {isa = PBXBuildFile; fileRef = B61CE5A52E3AE72300547C40 /* SimPEResourceIndex.m */; };
		B62437DB2E3597690052119F /* Registry.m in Sources */ = {isa = PBXBuildFile; fileRef = B62437DA2E3597690052119F /* Registry.m */; };
		B62437DE2E35A0950052119F /* Parameters.m in Sources */ = {isa = PBXBuildFile; fileRef = B62437DD2E35A0950052119F /* Parameters.m */; };
		B62437E12E35A15B0052119F /* TGILoader.m in Sources */ = {isa = PBXBuildFile; fileRef = B62437E02E35A15B0052119F /* TGILoader.m */; };
		B62437E42E35A2990052119F /* tgi.xml in Resources */ = {isa = PBXBuildFile; fileRef = B62437E32E35A2990052119F /* tgi.xml */; };
		B62437E62E35A2C20052119F /* txmtdefinition.xml in Resources */ = {isa = PBXBuildFile; fileRef = B62437E52E35A2C20052119F /* txmtdefinition.xml */; };
		B62437E82E35A2DD0052119F /* semiglobals.xml in Resources */ = {isa = PBXBuildFile; fileRef = B62437E72E35A2DD0052119F /* semiglobals.xml */; };
		B62437EA2E35A2FB0052119F /* objddefinition.xml in Resources */ = {isa = PBXBuildFile; fileRef = B62437E92E35A2FB0052119F /* objddefinition.xml */; };
		B62437EC2E35A3190052119F /* hoods.xml in Resources */ = {isa = PBXBuildFile; fileRef = B62437EB2E35A3190052119F /* hoods.xml */; };
		B62437EE2E35A3350052119F /* additionalschools.xml in Resources */ = {isa = PBXBuildFile; fileRef = B62437ED2E35A3350052119F /* additionalschools.xml */; };
		B62437F02E35A3490052119F /* additionalmajors.xml in Resources */ = {isa = PBXBuildFile; fileRef = B62437EF2E35A3490052119F /* additionalmajors.xml */; };
		B62437F22E35A35C0052119F /* additionalcareers.xml in Resources */ = {isa = PBXBuildFile; fileRef = B62437F12E35A35C0052119F /* additionalcareers.xml */; };
		B64E6BA72E3531DF009AD0A7 /* Alias.m in Sources */ = {isa = PBXBuildFile; fileRef = B64E6BA62E3531DF009AD0A7 /* Alias.m */; };
		B64E6BAA2E35335B009AD0A7 /* TypeAlias.m in Sources */ = {isa = PBXBuildFile; fileRef = B64E6BA92E35335B009AD0A7 /* TypeAlias.m */; };
		B64E6BAD2E3534BB009AD0A7 /* Helper.m in Sources */ = {isa = PBXBuildFile; fileRef = B64E6BAC2E3534BB009AD0A7 /* Helper.m */; };
		B64EEF452E3938AE0008E7CA /* AResourceTreeNodeBuilder.m in Sources */ = {isa = PBXBuildFile; fileRef = B64EEF442E3938AE0008E7CA /* AResourceTreeNodeBuilder.m */; };
		B64EEF482E3939610008E7CA /* ResourceListItemExt.m in Sources */ = {isa = PBXBuildFile; fileRef = B64EEF472E3939610008E7CA /* ResourceListItemExt.m */; };
		B64EEF4B2E3974800008E7CA /* ResourceListViewExtSelection.m in Sources */ = {isa = PBXBuildFile; fileRef = B64EEF4A2E3974800008E7CA /* ResourceListViewExtSelection.m */; };
		B64EEF722E3981A00008E7CA /* ResourceListViewExtSorting.m in Sources */ = {isa = PBXBuildFile; fileRef = B64EEF712E3981A00008E7CA /* ResourceListViewExtSorting.m */; };
		B64EEF752E39851A0008E7CA /* ResourceTreeNodeExt.m in Sources */ = {isa = PBXBuildFile; fileRef = B64EEF742E39851A0008E7CA /* ResourceTreeNodeExt.m */; };
		B64EEF782E3985AC0008E7CA /* ResourceTreeNodesByGroup.m in Sources */ = {isa = PBXBuildFile; fileRef = B64EEF772E3985AC0008E7CA /* ResourceTreeNodesByGroup.m */; };
		B64EEF7B2E39862F0008E7CA /* ResourceTreeNodesByInstance.m in Sources */ = {isa = PBXBuildFile; fileRef = B64EEF7A2E39862F0008E7CA /* ResourceTreeNodesByInstance.m */; };
		B64EEF7E2E3986BB0008E7CA /* ResourceTreeNodesByType.m in Sources */ = {isa = PBXBuildFile; fileRef = B64EEF7D2E3986BB0008E7CA /* ResourceTreeNodesByType.m */; };
		B64EEF812E3987F20008E7CA /* ResourceTreeTypeNodeExt.m in Sources */ = {isa = PBXBuildFile; fileRef = B64EEF802E3987F20008E7CA /* ResourceTreeTypeNodeExt.m */; };
		B64F1C9B2E43FEC3001C0DEC /* XmlPackageReaderBase.m in Sources */ = {isa = PBXBuildFile; fileRef = B64F1C9A2E43FEC3001C0DEC /* XmlPackageReaderBase.m */; };
		B64F1C9E2E44011C001C0DEC /* FileTableItem.m in Sources */ = {isa = PBXBuildFile; fileRef = B64F1C9D2E44011C001C0DEC /* FileTableItem.m */; };
		B64F1CA12E44041A001C0DEC /* FileTableItemType.m in Sources */ = {isa = PBXBuildFile; fileRef = B64F1CA02E44041A001C0DEC /* FileTableItemType.m */; };
		B64F1CA42E4404F9001C0DEC /* Settings.m in Sources */ = {isa = PBXBuildFile; fileRef = B64F1CA32E4404F9001C0DEC /* Settings.m */; };
		B65044672E46C40F0014569E /* DBPFIndexUtility.m in Sources */ = {isa = PBXBuildFile; fileRef = B65044662E46C40F0014569E /* DBPFIndexUtility.m */; };
		B66C34642E3BC2D900B4B9B8 /* PathProvider.m in Sources */ = {isa = PBXBuildFile; fileRef = B66C34632E3BC2D900B4B9B8 /* PathProvider.m */; };
		B66C34672E3BC60900B4B9B8 /* PathSettings.m in Sources */ = {isa = PBXBuildFile; fileRef = B66C34662E3BC60900B4B9B8 /* PathSettings.m */; };
		B6819E582E3E734000E37434 /* FileIndexItem.m in Sources */ = {isa = PBXBuildFile; fileRef = B6819E572E3E734000E37434 /* FileIndexItem.m */; };
		B69C59F72E3E8CC900794FC7 /* GlobalizedObject.m in Sources */ = {isa = PBXBuildFile; fileRef = B69C59F62E3E8CC900794FC7 /* GlobalizedObject.m */; };
		B69C59FA2E3E8DF000794FC7 /* ExpansionItem.m in Sources */ = {isa = PBXBuildFile; fileRef = B69C59F92E3E8DF000794FC7 /* ExpansionItem.m */; };
		B69C59FD2E3E907000794FC7 /* FlagBase.m in Sources */ = {isa = PBXBuildFile; fileRef = B69C59FC2E3E907000794FC7 /* FlagBase.m */; };
		B69C5A002E3E918100794FC7 /* IniRegistry.m in Sources */ = {isa = PBXBuildFile; fileRef = B69C59FF2E3E918100794FC7 /* IniRegistry.m */; };
		B69C5A272E3EC52000794FC7 /* CaseInvariantArrayList.m in Sources */ = {isa = PBXBuildFile; fileRef = B69C5A262E3EC52000794FC7 /* CaseInvariantArrayList.m */; };
		B69C5A2A2E3EC5E300794FC7 /* XmlRegistryKey.m in Sources */ = {isa = PBXBuildFile; fileRef = B69C5A292E3EC5E300794FC7 /* XmlRegistryKey.m */; };
		B69C5A2D2E3EC83B00794FC7 /* WarningException.m in Sources */ = {isa = PBXBuildFile; fileRef = B69C5A2C2E3EC83B00794FC7 /* WarningException.m */; };
		B69C5A302E3ECEF200794FC7 /* Serializer.m in Sources */ = {isa = PBXBuildFile; fileRef = B69C5A2F2E3ECEF200794FC7 /* Serializer.m */; };
		B69C5A352E3ED1E600794FC7 /* DescriptiveSerializer.m in Sources */ = {isa = PBXBuildFile; fileRef = B69C5A342E3ED1E600794FC7 /* DescriptiveSerializer.m */; };
		B69C5A382E3ED3E200794FC7 /* Thread.m in Sources */ = {isa = PBXBuildFile; fileRef = B69C5A372E3ED3E200794FC7 /* Thread.m */; };
		B69F34DA2E37ECDD007EEA89 /* Hashes.m in Sources */ = {isa = PBXBuildFile; fileRef = B69F34D92E37ECDD007EEA89 /* Hashes.m */; };
		B69F34DD2E37EEA9007EEA89 /* CRC.m in Sources */ = {isa = PBXBuildFile; fileRef = B69F34DC2E37EEA9007EEA89 /* CRC.m */; };
		B69F34E02E37EF74007EEA89 /* CRCParameters.m in Sources */ = {isa = PBXBuildFile; fileRef = B69F34DF2E37EF74007EEA89 /* CRCParameters.m */; };
		B69F34E62E37F319007EEA89 /* PackageMaintainer.m in Sources */ = {isa = PBXBuildFile; fileRef = B69F34E52E37F319007EEA89 /* PackageMaintainer.m */; };
		B69F34E92E37F37C007EEA89 /* ExtractableFile.m in Sources */ = {isa = PBXBuildFile; fileRef = B69F34E82E37F37C007EEA89 /* ExtractableFile.m */; };
		B69F34EC2E37F3F3007EEA89 /* GeneratableFile.m in Sources */ = {isa = PBXBuildFile; fileRef = B69F34EB2E37F3F3007EEA89 /* GeneratableFile.m */; };
		B69F34EF2E37F4D6007EEA89 /* PackedFile.m in Sources */ = {isa = PBXBuildFile; fileRef = B69F34EE2E37F4D6007EEA89 /* PackedFile.m */; };
		B69F34F42E3835A1007EEA89 /* ResourceViewManager.m in Sources */ = {isa = PBXBuildFile; fileRef = B69F34F32E3835A1007EEA89 /* ResourceViewManager.m */; };
		B69F34F72E383644007EEA89 /* ResourceViewManagerHelpers.m in Sources */ = {isa = PBXBuildFile; fileRef = B69F34F62E383644007EEA89 /* ResourceViewManagerHelpers.m */; };
		B69F34FA2E3839E7007EEA89 /* ClstItem.m in Sources */ = {isa = PBXBuildFile; fileRef = B69F34F92E3839E7007EEA89 /* ClstItem.m */; };
		B69F34FD2E383AE6007EEA89 /* ResourceMaps.m in Sources */ = {isa = PBXBuildFile; fileRef = B69F34FC2E383AE6007EEA89 /* ResourceMaps.m */; };
		B69F350F2E3848E1007EEA89 /* ResourceTreeViewExt.m in Sources */ = {isa = PBXBuildFile; fileRef = B69F350E2E3848E1007EEA89 /* ResourceTreeViewExt.m */; };
		B69F35152E385D41007EEA89 /* ResourceListViewExt.m in Sources */ = {isa = PBXBuildFile; fileRef = B69F35142E385D41007EEA89 /* ResourceListViewExt.m */; };
		B69F35182E385E4F007EEA89 /* NamedPackedFileDescriptor.m in Sources */ = {isa = PBXBuildFile; fileRef = B69F35172E385E4F007EEA89 /* NamedPackedFileDescriptor.m */; };
		B6B02CCE2E4EB2B8009240FD /* AbstractWrapper.m in Sources */ = {isa = PBXBuildFile; fileRef = B64E6BB52E353F46009AD0A7 /* AbstractWrapper.m */; };
		B6B02CCF2E4EB2C8009240FD /* AbstractFactory.m in Sources */ = {isa = PBXBuildFile; fileRef = B64E6BB72E354348009AD0A7 /* AbstractFactory.m */; };
		B6B02CD02E4EB2E5009240FD /* CompressedFileList.m in Sources */ = {isa = PBXBuildFile; fileRef = B632A4372E36A3AD0024810C /* CompressedFileList.m */; };
		B6B02CD12E4EB2FC009240FD /* FileTable.m in Sources */ = {isa = PBXBuildFile; fileRef = B61CE59D2E3ADF9D00547C40 /* FileTable.m */; };
		B6B02CD22E4EB32A009240FD /* RcolWrapper.m in Sources */ = {isa = PBXBuildFile; fileRef = B6F4409D2E4656B400870564 /* RcolWrapper.m */; };
		B6B02CD32E4EB331009240FD /* GenericRcolWrapper.m in Sources */ = {isa = PBXBuildFile; fileRef = B64F1C982E43FCBC001C0DEC /* GenericRcolWrapper.m */; };
		B6B02CD42E4EB38D009240FD /* RemoteControl.m in Sources */ = {isa = PBXBuildFile; fileRef = B650446A2E46D2160014569E /* RemoteControl.m */; };
		B6B02CD82E4EBA34009240FD /* RcolUI.m in Sources */ = {isa = PBXBuildFile; fileRef = B6B02CD72E4EBA34009240FD /* RcolUI.m */; };
		B6B02CDB2E4EBADF009240FD /* RcolForm.m in Sources */ = {isa = PBXBuildFile; fileRef = B6B02CDA2E4EBADF009240FD /* RcolForm.m */; };
		B6B02CDE2E4EBF3B009240FD /* WrapperBaseControl.m in Sources */ = {isa = PBXBuildFile; fileRef = B6B02CDD2E4EBF3B009240FD /* WrapperBaseControl.m */; };
		B6B02CE12E4EC0E7009240FD /* ScenegraphHelper.m in Sources */ = {isa = PBXBuildFile; fileRef = B6B02CE02E4EC0E7009240FD /* ScenegraphHelper.m */; };
		B6CDCC772E33E8C7004FDF82 /* SharedTypes.m in Sources */ = {isa = PBXBuildFile; fileRef = B6CDCC762E33E8B1004FDF82 /* SharedTypes.m */; };
		B6CDCC7D2E33EB1F004FDF82 /* ToolTypes.m in Sources */ = {isa = PBXBuildFile; fileRef = B6CDCC7C2E33EB1F004FDF82 /* ToolTypes.m */; };
		B6CDCC812E33EBD2004FDF82 /* SidebarView.m in Sources */ = {isa = PBXBuildFile; fileRef = B6CDCC802E33EBD2004FDF82 /* SidebarView.m */; };
		B6CDCC862E33F887004FDF82 /* File.m in Sources */ = {isa = PBXBuildFile; fileRef = B6CDCC852E33F358004FDF82 /* File.m */; };
		B6CDCC8B2E33FC6B004FDF82 /* Stream.m in Sources */ = {isa = PBXBuildFile; fileRef = B6CDCC8A2E33FC6B004FDF82 /* Stream.m */; };
		B6CDCC8E2E33FE4E004FDF82 /* MemoryStream.m in Sources */ = {isa = PBXBuildFile; fileRef = B6CDCC8D2E33FE4E004FDF82 /* MemoryStream.m */; };
		B6CDCC902E340297004FDF82 /* FileStream.m in Sources */ = {isa = PBXBuildFile; fileRef = B6CDCC8F2E340297004FDF82 /* FileStream.m */; };
		B6CDCC942E340521004FDF82 /* BinaryReader.m in Sources */ = {isa = PBXBuildFile; fileRef = B6CDCC932E340521004FDF82 /* BinaryReader.m */; };
		B6CDCC972E340622004FDF82 /* BinaryWriter.m in Sources */ = {isa = PBXBuildFile; fileRef = B6CDCC962E340622004FDF82 /* BinaryWriter.m */; };
		B6CDCC9A2E340790004FDF82 /* HeaderData.m in Sources */ = {isa = PBXBuildFile; fileRef = B6CDCC992E340790004FDF82 /* HeaderData.m */; };
		B6CDCC9D2E34271B004FDF82 /* HeaderIndex.m in Sources */ = {isa = PBXBuildFile; fileRef = B6CDCC9C2E34271B004FDF82 /* HeaderIndex.m */; };
		B6CDCCA02E3427DE004FDF82 /* HeaderHole.m in Sources */ = {isa = PBXBuildFile; fileRef = B6CDCC9F2E3427DE004FDF82 /* HeaderHole.m */; };
		B6CDCCA32E342902004FDF82 /* HoleIndexItem.m in Sources */ = {isa = PBXBuildFile; fileRef = B6CDCCA22E342902004FDF82 /* HoleIndexItem.m */; };
		B6CDCCA72E342B3D004FDF82 /* PackedFileDescriptorSimple.m in Sources */ = {isa = PBXBuildFile; fileRef = B6CDCCA62E342B3D004FDF82 /* PackedFileDescriptorSimple.m */; };
		B6CDCCAA2E342B97004FDF82 /* PackedFileDescriptor.m in Sources */ = {isa = PBXBuildFile; fileRef = B6CDCCA92E342B97004FDF82 /* PackedFileDescriptor.m */; };
		B6CDCCB42E34416F004FDF82 /* MetaData.m in Sources */ = {isa = PBXBuildFile; fileRef = B6CDCCB32E34416F004FDF82 /* MetaData.m */; };
		B6CDCCBB2E345922004FDF82 /* PackedFileDescriptors.m in Sources */ = {isa = PBXBuildFile; fileRef = B6CDCCBA2E345922004FDF82 /* PackedFileDescriptors.m */; };
		B6F440A12E46589400870564 /* ASerializeFormater.m in Sources */ = {isa = PBXBuildFile; fileRef = B6F440A02E46589400870564 /* ASerializeFormater.m */; };
		B6F440A42E465EB300870564 /* Containers.m in Sources */ = {isa = PBXBuildFile; fileRef = B6F440A32E465EB300870564 /* Containers.m */; };
		B6F440A72E465F2500870564 /* CountedListItem.m in Sources */ = {isa = PBXBuildFile; fileRef = B6F440A62E465F2500870564 /* CountedListItem.m */; };
		B6F440AA2E465FDF00870564 /* ArgParser.m in Sources */ = {isa = PBXBuildFile; fileRef = B6F440A92E465FDF00870564 /* ArgParser.m */; };
		B6F440AD2E4661D800870564 /* ExceptionForm.m in Sources */ = {isa = PBXBuildFile; fileRef = B6F440AC2E4661D800870564 /* ExceptionForm.m */; };
		B6F440B02E46643B00870564 /* FlagBaseConverter.m in Sources */ = {isa = PBXBuildFile; fileRef = B6F440AF2E46643B00870564 /* FlagBaseConverter.m */; };
		B6F440B32E4665BD00870564 /* FlagObjectBuilder.m in Sources */ = {isa = PBXBuildFile; fileRef = B6F440B22E4665BD00870564 /* FlagObjectBuilder.m */; };
		B6FDC58D2E3FD9D7004E8AA6 /* WaitingScreen.m in Sources */ = {isa = PBXBuildFile; fileRef = B6FDC58C2E3FD9D7004E8AA6 /* WaitingScreen.m */; };
		B6FDC5902E3FDAA4004E8AA6 /* WaitingForm.m in Sources */ = {isa = PBXBuildFile; fileRef = B6FDC58F2E3FDAA4004E8AA6 /* WaitingForm.m */; };
		B6FDC59C2E3FE170004E8AA6 /* StreamMaintainer.m in Sources */ = {isa = PBXBuildFile; fileRef = B6FDC59B2E3FE170004E8AA6 /* StreamMaintainer.m */; };
/* End PBXBuildFile section */

/* Begin PBXContainerItemProxy section */
		B6CDCC5A2E33E838004FDF82 /* PBXContainerItemProxy */ = {
			isa = PBXContainerItemProxy;
			containerPortal = B6CDCC3C2E33E837004FDF82 /* Project object */;
			proxyType = 1;
			remoteGlobalIDString = B6CDCC432E33E837004FDF82;
			remoteInfo = MacSimpe;
		};
		B6CDCC642E33E838004FDF82 /* PBXContainerItemProxy */ = {
			isa = PBXContainerItemProxy;
			containerPortal = B6CDCC3C2E33E837004FDF82 /* Project object */;
			proxyType = 1;
			remoteGlobalIDString = B6CDCC432E33E837004FDF82;
			remoteInfo = MacSimpe;
		};
/* End PBXContainerItemProxy section */

/* Begin PBXFileReference section */
		B61C4CF92E456A1F00BC38B4 /* FileTableItemType.h */ = {isa = PBXFileReference; lastKnownFileType = sourcecode.c.h; path = FileTableItemType.h; sourceTree = "<group>"; };
		B61C4CFA2E456EB100BC38B4 /* PackageFiles.h */ = {isa = PBXFileReference; lastKnownFileType = sourcecode.c.h; path = PackageFiles.h; sourceTree = "<group>"; };
		B61C4CFB2E456EF300BC38B4 /* PackageFiles.m */ = {isa = PBXFileReference; lastKnownFileType = sourcecode.c.objc; path = PackageFiles.m; sourceTree = "<group>"; };
		B61CE5682E3A84A200547C40 /* ResourceNameSorter.m */ = {isa = PBXFileReference; lastKnownFileType = sourcecode.c.objc; path = ResourceNameSorter.m; sourceTree = "<group>"; };
		B61CE56A2E3A858300547C40 /* ViewFilter.h */ = {isa = PBXFileReference; lastKnownFileType = sourcecode.c.h; path = ViewFilter.h; sourceTree = "<group>"; };
		B61CE56B2E3A85A800547C40 /* ViewFilter.m */ = {isa = PBXFileReference; lastKnownFileType = sourcecode.c.objc; path = ViewFilter.m; sourceTree = "<group>"; };
		B61CE56D2E3A861300547C40 /* WaitControl.h */ = {isa = PBXFileReference; lastKnownFileType = sourcecode.c.h; path = WaitControl.h; sourceTree = "<group>"; };
		B61CE56E2E3A863800547C40 /* WaitControl.m */ = {isa = PBXFileReference; lastKnownFileType = sourcecode.c.objc; path = WaitControl.m; sourceTree = "<group>"; };
		B61CE5702E3A879B00547C40 /* IWaitingBarControl.h */ = {isa = PBXFileReference; lastKnownFileType = sourcecode.c.h; path = IWaitingBarControl.h; sourceTree = "<group>"; };
		B61CE5712E3A87BF00547C40 /* Wait.h */ = {isa = PBXFileReference; lastKnownFileType = sourcecode.c.h; path = Wait.h; sourceTree = "<group>"; };
		B61CE5722E3A882000547C40 /* Wait.m */ = {isa = PBXFileReference; lastKnownFileType = sourcecode.c.objc; path = Wait.m; sourceTree = "<group>"; };
		B61CE5982E3ADA8B00547C40 /* Localization.h */ = {isa = PBXFileReference; lastKnownFileType = sourcecode.c.h; path = Localization.h; sourceTree = "<group>"; };
		B61CE5992E3ADAB200547C40 /* Localization.m */ = {isa = PBXFileReference; lastKnownFileType = sourcecode.c.objc; path = Localization.m; sourceTree = "<group>"; };
		B61CE59C2E3ADF3E00547C40 /* FileTable.h */ = {isa = PBXFileReference; lastKnownFileType = sourcecode.c.h; path = FileTable.h; sourceTree = "<group>"; };
		B61CE59D2E3ADF9D00547C40 /* FileTable.m */ = {isa = PBXFileReference; lastKnownFileType = sourcecode.c.objc; path = FileTable.m; sourceTree = "<group>"; };
		B61CE59E2E3AE0A600547C40 /* FileTableBase.h */ = {isa = PBXFileReference; lastKnownFileType = sourcecode.c.h; path = FileTableBase.h; sourceTree = "<group>"; };
		B61CE59F2E3AE10A00547C40 /* FileTableBase.m */ = {isa = PBXFileReference; lastKnownFileType = sourcecode.c.objc; path = FileTableBase.m; sourceTree = "<group>"; };
		B61CE5A12E3AE64500547C40 /* PackageRepair.h */ = {isa = PBXFileReference; lastKnownFileType = sourcecode.c.h; path = PackageRepair.h; sourceTree = "<group>"; };
		B61CE5A22E3AE68400547C40 /* PackageRepair.m */ = {isa = PBXFileReference; lastKnownFileType = sourcecode.c.objc; path = PackageRepair.m; sourceTree = "<group>"; };
		B61CE5A42E3AE6D700547C40 /* SimPEResourceIndex.h */ = {isa = PBXFileReference; lastKnownFileType = sourcecode.c.h; path = SimPEResourceIndex.h; sourceTree = "<group>"; };
		B61CE5A52E3AE72300547C40 /* SimPEResourceIndex.m */ = {isa = PBXFileReference; lastKnownFileType = sourcecode.c.objc; path = SimPEResourceIndex.m; sourceTree = "<group>"; };
		B62437DA2E3597690052119F /* Registry.m */ = {isa = PBXFileReference; lastKnownFileType = sourcecode.c.objc; path = Registry.m; sourceTree = "<group>"; };
		B62437DC2E35A0450052119F /* Parameters.h */ = {isa = PBXFileReference; lastKnownFileType = sourcecode.c.h; path = Parameters.h; sourceTree = "<group>"; };
		B62437DD2E35A0950052119F /* Parameters.m */ = {isa = PBXFileReference; lastKnownFileType = sourcecode.c.objc; path = Parameters.m; sourceTree = "<group>"; };
		B62437DF2E35A1190052119F /* TGILoader.h */ = {isa = PBXFileReference; lastKnownFileType = sourcecode.c.h; path = TGILoader.h; sourceTree = "<group>"; };
		B62437E02E35A15B0052119F /* TGILoader.m */ = {isa = PBXFileReference; lastKnownFileType = sourcecode.c.objc; path = TGILoader.m; sourceTree = "<group>"; };
		B62437E32E35A2990052119F /* tgi.xml */ = {isa = PBXFileReference; lastKnownFileType = text.xml; path = tgi.xml; sourceTree = "<group>"; };
		B62437E52E35A2C20052119F /* txmtdefinition.xml */ = {isa = PBXFileReference; lastKnownFileType = text.xml; path = txmtdefinition.xml; sourceTree = "<group>"; };
		B62437E72E35A2DD0052119F /* semiglobals.xml */ = {isa = PBXFileReference; lastKnownFileType = text.xml; path = semiglobals.xml; sourceTree = "<group>"; };
		B62437E92E35A2FB0052119F /* objddefinition.xml */ = {isa = PBXFileReference; lastKnownFileType = text.xml; path = objddefinition.xml; sourceTree = "<group>"; };
		B62437EB2E35A3190052119F /* hoods.xml */ = {isa = PBXFileReference; lastKnownFileType = text.xml; path = hoods.xml; sourceTree = "<group>"; };
		B62437ED2E35A3350052119F /* additionalschools.xml */ = {isa = PBXFileReference; lastKnownFileType = text.xml; path = additionalschools.xml; sourceTree = "<group>"; };
		B62437EF2E35A3490052119F /* additionalmajors.xml */ = {isa = PBXFileReference; lastKnownFileType = text.xml; path = additionalmajors.xml; sourceTree = "<group>"; };
		B62437F12E35A35C0052119F /* additionalcareers.xml */ = {isa = PBXFileReference; lastKnownFileType = text.xml; path = additionalcareers.xml; sourceTree = "<group>"; };
		B632A4362E36A3160024810C /* CompressedFileList.h */ = {isa = PBXFileReference; lastKnownFileType = sourcecode.c.h; path = CompressedFileList.h; sourceTree = "<group>"; };
		B632A4372E36A3AD0024810C /* CompressedFileList.m */ = {isa = PBXFileReference; lastKnownFileType = sourcecode.c.objc; path = CompressedFileList.m; sourceTree = "<group>"; };
		B632A4382E36B8AD0024810C /* IFileWrapperSaveExtension.h */ = {isa = PBXFileReference; lastKnownFileType = sourcecode.c.h; path = IFileWrapperSaveExtension.h; sourceTree = "<group>"; };
		B632A4392E36B9120024810C /* IPackedFileSaveExtension.h */ = {isa = PBXFileReference; lastKnownFileType = sourcecode.c.h; path = IPackedFileSaveExtension.h; sourceTree = "<group>"; };
		B646E9102E4E6BE400A92D70 /* IListener.h */ = {isa = PBXFileReference; lastKnownFileType = sourcecode.c.h; path = IListener.h; sourceTree = "<group>"; };
		B646E9112E4E6CE700A92D70 /* IListener.m */ = {isa = PBXFileReference; lastKnownFileType = sourcecode.c.objc; path = IListener.m; sourceTree = "<group>"; };
		B64E6BA42E353091009AD0A7 /* IAlias.h */ = {isa = PBXFileReference; lastKnownFileType = sourcecode.c.h; path = IAlias.h; sourceTree = "<group>"; };
		B64E6BA52E353151009AD0A7 /* Alias.h */ = {isa = PBXFileReference; lastKnownFileType = sourcecode.c.h; path = Alias.h; sourceTree = "<group>"; };
		B64E6BA62E3531DF009AD0A7 /* Alias.m */ = {isa = PBXFileReference; lastKnownFileType = sourcecode.c.objc; path = Alias.m; sourceTree = "<group>"; };
		B64E6BA82E353310009AD0A7 /* TypeAlias.h */ = {isa = PBXFileReference; lastKnownFileType = sourcecode.c.h; path = TypeAlias.h; sourceTree = "<group>"; };
		B64E6BA92E35335B009AD0A7 /* TypeAlias.m */ = {isa = PBXFileReference; lastKnownFileType = sourcecode.c.objc; path = TypeAlias.m; sourceTree = "<group>"; };
		B64E6BAB2E353489009AD0A7 /* Helper.h */ = {isa = PBXFileReference; lastKnownFileType = sourcecode.c.h; path = Helper.h; sourceTree = "<group>"; };
		B64E6BAC2E3534BB009AD0A7 /* Helper.m */ = {isa = PBXFileReference; lastKnownFileType = sourcecode.c.objc; path = Helper.m; sourceTree = "<group>"; };
		B64E6BAF2E353A27009AD0A7 /* GenericWrapperFactory.h */ = {isa = PBXFileReference; lastKnownFileType = sourcecode.c.h; path = GenericWrapperFactory.h; sourceTree = "<group>"; };
		B64E6BB02E353A75009AD0A7 /* GenericWrapperFactory.m */ = {isa = PBXFileReference; lastKnownFileType = sourcecode.c.objc; path = GenericWrapperFactory.m; sourceTree = "<group>"; };
		B64E6BB12E353AE5009AD0A7 /* TreeWrapper.h */ = {isa = PBXFileReference; lastKnownFileType = sourcecode.c.h; path = TreeWrapper.h; sourceTree = "<group>"; };
		B64E6BB22E353B3C009AD0A7 /* TreeWrapper.m */ = {isa = PBXFileReference; lastKnownFileType = sourcecode.c.objc; path = TreeWrapper.m; sourceTree = "<group>"; };
		B64E6BB42E353EA7009AD0A7 /* AbstractWrapper.h */ = {isa = PBXFileReference; lastKnownFileType = sourcecode.c.h; path = AbstractWrapper.h; sourceTree = "<group>"; };
		B64E6BB52E353F46009AD0A7 /* AbstractWrapper.m */ = {isa = PBXFileReference; lastKnownFileType = sourcecode.c.objc; path = AbstractWrapper.m; sourceTree = "<group>"; };
		B64E6BB62E3540EF009AD0A7 /* AbstractFactory.h */ = {isa = PBXFileReference; lastKnownFileType = sourcecode.c.h; path = AbstractFactory.h; sourceTree = "<group>"; };
		B64E6BB72E354348009AD0A7 /* AbstractFactory.m */ = {isa = PBXFileReference; lastKnownFileType = sourcecode.c.objc; path = AbstractFactory.m; sourceTree = "<group>"; };
		B64E6BB82E3543BB009AD0A7 /* AbstractWrapperInfo.h */ = {isa = PBXFileReference; lastKnownFileType = sourcecode.c.h; path = AbstractWrapperInfo.h; sourceTree = "<group>"; };
		B64E6BB92E3543E2009AD0A7 /* AbstractWrapperInfo.m */ = {isa = PBXFileReference; lastKnownFileType = sourcecode.c.objc; path = AbstractWrapperInfo.m; sourceTree = "<group>"; };
		B64E6BBA2E354556009AD0A7 /* IWrapper.h */ = {isa = PBXFileReference; lastKnownFileType = sourcecode.c.h; path = IWrapper.h; sourceTree = "<group>"; };
		B64E6BBC2E354958009AD0A7 /* IFileWrapper.h */ = {isa = PBXFileReference; lastKnownFileType = sourcecode.c.h; path = IFileWrapper.h; sourceTree = "<group>"; };
		B64E6BBD2E354A11009AD0A7 /* IPackedFileWrapper.h */ = {isa = PBXFileReference; lastKnownFileType = sourcecode.c.h; path = IPackedFileWrapper.h; sourceTree = "<group>"; };
		B64E6BBE2E354AD1009AD0A7 /* IPackedFileName.h */ = {isa = PBXFileReference; lastKnownFileType = sourcecode.c.h; path = IPackedFileName.h; sourceTree = "<group>"; };
		B64E6BBF2E3571AF009AD0A7 /* Registry.h */ = {isa = PBXFileReference; lastKnownFileType = sourcecode.c.h; path = Registry.h; sourceTree = "<group>"; };
		B64EEF412E3937560008E7CA /* IResourceTreeNodeBuilder.h */ = {isa = PBXFileReference; lastKnownFileType = sourcecode.c.h; path = IResourceTreeNodeBuilder.h; sourceTree = "<group>"; };
		B64EEF422E39379E0008E7CA /* IResourceViewFilter.h */ = {isa = PBXFileReference; lastKnownFileType = sourcecode.c.h; path = IResourceViewFilter.h; sourceTree = "<group>"; };
		B64EEF432E3937EA0008E7CA /* AResourceTreeNodeBuilder.h */ = {isa = PBXFileReference; lastKnownFileType = sourcecode.c.h; path = AResourceTreeNodeBuilder.h; sourceTree = "<group>"; };
		B64EEF442E3938AE0008E7CA /* AResourceTreeNodeBuilder.m */ = {isa = PBXFileReference; lastKnownFileType = sourcecode.c.objc; path = AResourceTreeNodeBuilder.m; sourceTree = "<group>"; };
		B64EEF462E3939250008E7CA /* ResourceListItemExt.h */ = {isa = PBXFileReference; lastKnownFileType = sourcecode.c.h; path = ResourceListItemExt.h; sourceTree = "<group>"; };
		B64EEF472E3939610008E7CA /* ResourceListItemExt.m */ = {isa = PBXFileReference; lastKnownFileType = sourcecode.c.objc; path = ResourceListItemExt.m; sourceTree = "<group>"; };
		B64EEF492E3974350008E7CA /* ResourceListViewExtSelection.h */ = {isa = PBXFileReference; lastKnownFileType = sourcecode.c.h; path = ResourceListViewExtSelection.h; sourceTree = "<group>"; };
		B64EEF4A2E3974800008E7CA /* ResourceListViewExtSelection.m */ = {isa = PBXFileReference; lastKnownFileType = sourcecode.c.objc; path = ResourceListViewExtSelection.m; sourceTree = "<group>"; };
		B64EEF702E39816B0008E7CA /* ResourceListViewExtSorting.h */ = {isa = PBXFileReference; lastKnownFileType = sourcecode.c.h; path = ResourceListViewExtSorting.h; sourceTree = "<group>"; };
		B64EEF712E3981A00008E7CA /* ResourceListViewExtSorting.m */ = {isa = PBXFileReference; lastKnownFileType = sourcecode.c.objc; path = ResourceListViewExtSorting.m; sourceTree = "<group>"; };
		B64EEF732E3984EE0008E7CA /* ResourceTreeNodeExt.h */ = {isa = PBXFileReference; lastKnownFileType = sourcecode.c.h; path = ResourceTreeNodeExt.h; sourceTree = "<group>"; };
		B64EEF742E39851A0008E7CA /* ResourceTreeNodeExt.m */ = {isa = PBXFileReference; lastKnownFileType = sourcecode.c.objc; path = ResourceTreeNodeExt.m; sourceTree = "<group>"; };
		B64EEF762E3985790008E7CA /* ResourceTreeNodesByGroup.h */ = {isa = PBXFileReference; lastKnownFileType = sourcecode.c.h; path = ResourceTreeNodesByGroup.h; sourceTree = "<group>"; };
		B64EEF772E3985AC0008E7CA /* ResourceTreeNodesByGroup.m */ = {isa = PBXFileReference; lastKnownFileType = sourcecode.c.objc; path = ResourceTreeNodesByGroup.m; sourceTree = "<group>"; };
		B64EEF792E3985EE0008E7CA /* ResourceTreeNodesByInstance.h */ = {isa = PBXFileReference; lastKnownFileType = sourcecode.c.h; path = ResourceTreeNodesByInstance.h; sourceTree = "<group>"; };
		B64EEF7A2E39862F0008E7CA /* ResourceTreeNodesByInstance.m */ = {isa = PBXFileReference; lastKnownFileType = sourcecode.c.objc; path = ResourceTreeNodesByInstance.m; sourceTree = "<group>"; };
		B64EEF7C2E39866C0008E7CA /* ResourceTreeNodesByType.h */ = {isa = PBXFileReference; lastKnownFileType = sourcecode.c.h; path = ResourceTreeNodesByType.h; sourceTree = "<group>"; };
		B64EEF7D2E3986BB0008E7CA /* ResourceTreeNodesByType.m */ = {isa = PBXFileReference; lastKnownFileType = sourcecode.c.objc; path = ResourceTreeNodesByType.m; sourceTree = "<group>"; };
		B64EEF7F2E3987A90008E7CA /* ResourceTreeTypeNodeExt.h */ = {isa = PBXFileReference; lastKnownFileType = sourcecode.c.h; path = ResourceTreeTypeNodeExt.h; sourceTree = "<group>"; };
		B64EEF802E3987F20008E7CA /* ResourceTreeTypeNodeExt.m */ = {isa = PBXFileReference; lastKnownFileType = sourcecode.c.objc; path = ResourceTreeTypeNodeExt.m; sourceTree = "<group>"; };
		B64EEF822E3988680008E7CA /* ResourceNameSorter.h */ = {isa = PBXFileReference; lastKnownFileType = sourcecode.c.h; path = ResourceNameSorter.h; sourceTree = "<group>"; };
		B64F1C972E43FC63001C0DEC /* GenericRcolWrapper.h */ = {isa = PBXFileReference; lastKnownFileType = sourcecode.c.h; path = GenericRcolWrapper.h; sourceTree = "<group>"; };
		B64F1C982E43FCBC001C0DEC /* GenericRcolWrapper.m */ = {isa = PBXFileReference; lastKnownFileType = sourcecode.c.objc; path = GenericRcolWrapper.m; sourceTree = "<group>"; };
		B64F1C992E43FE91001C0DEC /* XmlPackageReaderBase.h */ = {isa = PBXFileReference; lastKnownFileType = sourcecode.c.h; path = XmlPackageReaderBase.h; sourceTree = "<group>"; };
		B64F1C9A2E43FEC3001C0DEC /* XmlPackageReaderBase.m */ = {isa = PBXFileReference; lastKnownFileType = sourcecode.c.objc; path = XmlPackageReaderBase.m; sourceTree = "<group>"; };
		B64F1C9C2E4400E0001C0DEC /* FileTableItem.h */ = {isa = PBXFileReference; lastKnownFileType = sourcecode.c.h; path = FileTableItem.h; sourceTree = "<group>"; };
		B64F1C9D2E44011C001C0DEC /* FileTableItem.m */ = {isa = PBXFileReference; lastKnownFileType = sourcecode.c.objc; path = FileTableItem.m; sourceTree = "<group>"; };
		B64F1CA02E44041A001C0DEC /* FileTableItemType.m */ = {isa = PBXFileReference; lastKnownFileType = sourcecode.c.objc; path = FileTableItemType.m; sourceTree = "<group>"; };
		B64F1CA22E4404C5001C0DEC /* Settings.h */ = {isa = PBXFileReference; lastKnownFileType = sourcecode.c.h; path = Settings.h; sourceTree = "<group>"; };
		B64F1CA32E4404F9001C0DEC /* Settings.m */ = {isa = PBXFileReference; lastKnownFileType = sourcecode.c.objc; path = Settings.m; sourceTree = "<group>"; };
		B65044652E46C3BE0014569E /* DBPFIndexUtility.h */ = {isa = PBXFileReference; lastKnownFileType = sourcecode.c.h; path = DBPFIndexUtility.h; sourceTree = "<group>"; };
		B65044662E46C40F0014569E /* DBPFIndexUtility.m */ = {isa = PBXFileReference; lastKnownFileType = sourcecode.c.objc; path = DBPFIndexUtility.m; sourceTree = "<group>"; };
		B65044692E46D1F10014569E /* RemoteControl.h */ = {isa = PBXFileReference; lastKnownFileType = sourcecode.c.h; path = RemoteControl.h; sourceTree = "<group>"; };
		B650446A2E46D2160014569E /* RemoteControl.m */ = {isa = PBXFileReference; lastKnownFileType = sourcecode.c.objc; path = RemoteControl.m; sourceTree = "<group>"; };
		B66C34612E3BC15100B4B9B8 /* IProviderRegistry.h */ = {isa = PBXFileReference; lastKnownFileType = sourcecode.c.h; path = IProviderRegistry.h; sourceTree = "<group>"; };
		B66C34622E3BC28400B4B9B8 /* PathProvider.h */ = {isa = PBXFileReference; lastKnownFileType = sourcecode.c.h; path = PathProvider.h; sourceTree = "<group>"; };
		B66C34632E3BC2D900B4B9B8 /* PathProvider.m */ = {isa = PBXFileReference; lastKnownFileType = sourcecode.c.objc; path = PathProvider.m; sourceTree = "<group>"; };
		B66C34652E3BC5E900B4B9B8 /* PathSettings.h */ = {isa = PBXFileReference; lastKnownFileType = sourcecode.c.h; path = PathSettings.h; sourceTree = "<group>"; };
		B66C34662E3BC60900B4B9B8 /* PathSettings.m */ = {isa = PBXFileReference; lastKnownFileType = sourcecode.c.objc; path = PathSettings.m; sourceTree = "<group>"; };
		B6819DE82E3C078F00E37434 /* IScenegraphFileIndexItem.h */ = {isa = PBXFileReference; lastKnownFileType = sourcecode.c.h; path = IScenegraphFileIndexItem.h; sourceTree = "<group>"; };
		B6819E562E3E72FF00E37434 /* FileIndexItem.h */ = {isa = PBXFileReference; lastKnownFileType = sourcecode.c.h; path = FileIndexItem.h; sourceTree = "<group>"; };
		B6819E572E3E734000E37434 /* FileIndexItem.m */ = {isa = PBXFileReference; lastKnownFileType = sourcecode.c.objc; path = FileIndexItem.m; sourceTree = "<group>"; };
		B6819E5A2E3E75A000E37434 /* FileIndex.h */ = {isa = PBXFileReference; lastKnownFileType = sourcecode.c.h; path = FileIndex.h; sourceTree = "<group>"; };
		B6819E5B2E3E76EF00E37434 /* FileIndex.m */ = {isa = PBXFileReference; lastKnownFileType = sourcecode.c.objc; path = FileIndex.m; sourceTree = "<group>"; };
		B690E6F12E4A4FF400A75815 /* FileTableEnums.h */ = {isa = PBXFileReference; lastKnownFileType = sourcecode.c.h; path = FileTableEnums.h; sourceTree = "<group>"; };
		B69C59F02E3E7FBA00794FC7 /* IWrapperRegistry.h */ = {isa = PBXFileReference; lastKnownFileType = sourcecode.c.h; path = IWrapperRegistry.h; sourceTree = "<group>"; };
		B69C59F12E3E803F00794FC7 /* IWrapperInfo.h */ = {isa = PBXFileReference; lastKnownFileType = sourcecode.c.h; path = IWrapperInfo.h; sourceTree = "<group>"; };
		B69C59F22E3E807C00794FC7 /* IWrapperFactory.h */ = {isa = PBXFileReference; lastKnownFileType = sourcecode.c.h; path = IWrapperFactory.h; sourceTree = "<group>"; };
		B69C59F32E3E82F200794FC7 /* TypeRegistry.h */ = {isa = PBXFileReference; lastKnownFileType = sourcecode.c.h; path = TypeRegistry.h; sourceTree = "<group>"; };
		B69C59F42E3E894900794FC7 /* TypeRegistry.m */ = {isa = PBXFileReference; lastKnownFileType = sourcecode.c.objc; path = TypeRegistry.m; sourceTree = "<group>"; };
		B69C59F52E3E8BFA00794FC7 /* GlobalizedObject.h */ = {isa = PBXFileReference; lastKnownFileType = sourcecode.c.h; path = GlobalizedObject.h; sourceTree = "<group>"; };
		B69C59F62E3E8CC900794FC7 /* GlobalizedObject.m */ = {isa = PBXFileReference; lastKnownFileType = sourcecode.c.objc; path = GlobalizedObject.m; sourceTree = "<group>"; };
		B69C59F82E3E8D8900794FC7 /* ExpansionItem.h */ = {isa = PBXFileReference; lastKnownFileType = sourcecode.c.h; path = ExpansionItem.h; sourceTree = "<group>"; };
		B69C59F92E3E8DF000794FC7 /* ExpansionItem.m */ = {isa = PBXFileReference; lastKnownFileType = sourcecode.c.objc; path = ExpansionItem.m; sourceTree = "<group>"; };
		B69C59FB2E3E904C00794FC7 /* FlagBase.h */ = {isa = PBXFileReference; lastKnownFileType = sourcecode.c.h; path = FlagBase.h; sourceTree = "<group>"; };
		B69C59FC2E3E907000794FC7 /* FlagBase.m */ = {isa = PBXFileReference; lastKnownFileType = sourcecode.c.objc; path = FlagBase.m; sourceTree = "<group>"; };
		B69C59FE2E3E915100794FC7 /* IniRegistry.h */ = {isa = PBXFileReference; lastKnownFileType = sourcecode.c.h; path = IniRegistry.h; sourceTree = "<group>"; };
		B69C59FF2E3E918100794FC7 /* IniRegistry.m */ = {isa = PBXFileReference; lastKnownFileType = sourcecode.c.objc; path = IniRegistry.m; sourceTree = "<group>"; };
		B69C5A252E3EC4F000794FC7 /* CaseInvariantArrayList.h */ = {isa = PBXFileReference; lastKnownFileType = sourcecode.c.h; path = CaseInvariantArrayList.h; sourceTree = "<group>"; };
		B69C5A262E3EC52000794FC7 /* CaseInvariantArrayList.m */ = {isa = PBXFileReference; lastKnownFileType = sourcecode.c.objc; path = CaseInvariantArrayList.m; sourceTree = "<group>"; };
		B69C5A282E3EC5B700794FC7 /* XmlRegistryKey.h */ = {isa = PBXFileReference; lastKnownFileType = sourcecode.c.h; path = XmlRegistryKey.h; sourceTree = "<group>"; };
		B69C5A292E3EC5E300794FC7 /* XmlRegistryKey.m */ = {isa = PBXFileReference; lastKnownFileType = sourcecode.c.objc; path = XmlRegistryKey.m; sourceTree = "<group>"; };
		B69C5A2B2E3EC80D00794FC7 /* WarningException.h */ = {isa = PBXFileReference; lastKnownFileType = sourcecode.c.h; path = WarningException.h; sourceTree = "<group>"; };
		B69C5A2C2E3EC83B00794FC7 /* WarningException.m */ = {isa = PBXFileReference; lastKnownFileType = sourcecode.c.objc; path = WarningException.m; sourceTree = "<group>"; };
		B69C5A2E2E3ECECE00794FC7 /* Serializer.h */ = {isa = PBXFileReference; lastKnownFileType = sourcecode.c.h; path = Serializer.h; sourceTree = "<group>"; };
		B69C5A2F2E3ECEF200794FC7 /* Serializer.m */ = {isa = PBXFileReference; lastKnownFileType = sourcecode.c.objc; path = Serializer.m; sourceTree = "<group>"; };
		B69C5A312E3ECF7A00794FC7 /* ISerializeFormater.h */ = {isa = PBXFileReference; lastKnownFileType = sourcecode.c.h; path = ISerializeFormater.h; sourceTree = "<group>"; };
		B69C5A322E3ECFF700794FC7 /* IPropertyClass.h */ = {isa = PBXFileReference; lastKnownFileType = sourcecode.c.h; path = IPropertyClass.h; sourceTree = "<group>"; };
		B69C5A332E3ED19000794FC7 /* DescriptiveSerializer.h */ = {isa = PBXFileReference; lastKnownFileType = sourcecode.c.h; path = DescriptiveSerializer.h; sourceTree = "<group>"; };
		B69C5A342E3ED1E600794FC7 /* DescriptiveSerializer.m */ = {isa = PBXFileReference; lastKnownFileType = sourcecode.c.objc; path = DescriptiveSerializer.m; sourceTree = "<group>"; };
		B69C5A362E3ED3BB00794FC7 /* Thread.h */ = {isa = PBXFileReference; lastKnownFileType = sourcecode.c.h; path = Thread.h; sourceTree = "<group>"; };
		B69C5A372E3ED3E200794FC7 /* Thread.m */ = {isa = PBXFileReference; lastKnownFileType = sourcecode.c.objc; path = Thread.m; sourceTree = "<group>"; };
		B69C5A392E3ED55D00794FC7 /* IScenegraphFileIndex.h */ = {isa = PBXFileReference; lastKnownFileType = sourcecode.c.h; path = IScenegraphFileIndex.h; sourceTree = "<group>"; };
		B69F34D82E37EC48007EEA89 /* Hashes.h */ = {isa = PBXFileReference; lastKnownFileType = sourcecode.c.h; path = Hashes.h; sourceTree = "<group>"; };
		B69F34D92E37ECDD007EEA89 /* Hashes.m */ = {isa = PBXFileReference; lastKnownFileType = sourcecode.c.objc; path = Hashes.m; sourceTree = "<group>"; };
		B69F34DB2E37EDA9007EEA89 /* CRC.h */ = {isa = PBXFileReference; lastKnownFileType = sourcecode.c.h; path = CRC.h; sourceTree = "<group>"; };
		B69F34DC2E37EEA9007EEA89 /* CRC.m */ = {isa = PBXFileReference; lastKnownFileType = sourcecode.c.objc; path = CRC.m; sourceTree = "<group>"; };
		B69F34DE2E37EF5F007EEA89 /* CRCParameters.h */ = {isa = PBXFileReference; lastKnownFileType = sourcecode.c.h; path = CRCParameters.h; sourceTree = "<group>"; };
		B69F34DF2E37EF74007EEA89 /* CRCParameters.m */ = {isa = PBXFileReference; lastKnownFileType = sourcecode.c.objc; path = CRCParameters.m; sourceTree = "<group>"; };
		B69F34E12E37EFF2007EEA89 /* CRCStandard.h */ = {isa = PBXFileReference; lastKnownFileType = sourcecode.c.h; path = CRCStandard.h; sourceTree = "<group>"; };
		B69F34E42E37F2F3007EEA89 /* PackageMaintainer.h */ = {isa = PBXFileReference; lastKnownFileType = sourcecode.c.h; path = PackageMaintainer.h; sourceTree = "<group>"; };
		B69F34E52E37F319007EEA89 /* PackageMaintainer.m */ = {isa = PBXFileReference; lastKnownFileType = sourcecode.c.objc; path = PackageMaintainer.m; sourceTree = "<group>"; };
		B69F34E72E37F35C007EEA89 /* ExtractableFile.h */ = {isa = PBXFileReference; lastKnownFileType = sourcecode.c.h; path = ExtractableFile.h; sourceTree = "<group>"; };
		B69F34E82E37F37C007EEA89 /* ExtractableFile.m */ = {isa = PBXFileReference; lastKnownFileType = sourcecode.c.objc; path = ExtractableFile.m; sourceTree = "<group>"; };
		B69F34EA2E37F3CA007EEA89 /* GeneratableFile.h */ = {isa = PBXFileReference; lastKnownFileType = sourcecode.c.h; path = GeneratableFile.h; sourceTree = "<group>"; };
		B69F34EB2E37F3F3007EEA89 /* GeneratableFile.m */ = {isa = PBXFileReference; lastKnownFileType = sourcecode.c.objc; path = GeneratableFile.m; sourceTree = "<group>"; };
		B69F34ED2E37F49A007EEA89 /* PackedFile.h */ = {isa = PBXFileReference; lastKnownFileType = sourcecode.c.h; path = PackedFile.h; sourceTree = "<group>"; };
		B69F34EE2E37F4D6007EEA89 /* PackedFile.m */ = {isa = PBXFileReference; lastKnownFileType = sourcecode.c.objc; path = PackedFile.m; sourceTree = "<group>"; };
		B69F34F02E37F564007EEA89 /* IPackedFile.h */ = {isa = PBXFileReference; lastKnownFileType = sourcecode.c.h; path = IPackedFile.h; sourceTree = "<group>"; };
		B69F34F22E383544007EEA89 /* ResourceViewManager.h */ = {isa = PBXFileReference; lastKnownFileType = sourcecode.c.h; path = ResourceViewManager.h; sourceTree = "<group>"; };
		B69F34F32E3835A1007EEA89 /* ResourceViewManager.m */ = {isa = PBXFileReference; lastKnownFileType = sourcecode.c.objc; path = ResourceViewManager.m; sourceTree = "<group>"; };
		B69F34F52E383618007EEA89 /* ResourceViewManagerHelpers.h */ = {isa = PBXFileReference; lastKnownFileType = sourcecode.c.h; path = ResourceViewManagerHelpers.h; sourceTree = "<group>"; };
		B69F34F62E383644007EEA89 /* ResourceViewManagerHelpers.m */ = {isa = PBXFileReference; lastKnownFileType = sourcecode.c.objc; path = ResourceViewManagerHelpers.m; sourceTree = "<group>"; };
		B69F34F82E38398A007EEA89 /* ClstItem.h */ = {isa = PBXFileReference; lastKnownFileType = sourcecode.c.h; path = ClstItem.h; sourceTree = "<group>"; };
		B69F34F92E3839E7007EEA89 /* ClstItem.m */ = {isa = PBXFileReference; lastKnownFileType = sourcecode.c.objc; path = ClstItem.m; sourceTree = "<group>"; };
		B69F34FB2E383AB4007EEA89 /* ResourceMaps.h */ = {isa = PBXFileReference; lastKnownFileType = sourcecode.c.h; path = ResourceMaps.h; sourceTree = "<group>"; };
		B69F34FC2E383AE6007EEA89 /* ResourceMaps.m */ = {isa = PBXFileReference; lastKnownFileType = sourcecode.c.objc; path = ResourceMaps.m; sourceTree = "<group>"; };
		B69F350D2E384859007EEA89 /* ResourceTreeViewExt.h */ = {isa = PBXFileReference; lastKnownFileType = sourcecode.c.h; path = ResourceTreeViewExt.h; sourceTree = "<group>"; };
		B69F350E2E3848E1007EEA89 /* ResourceTreeViewExt.m */ = {isa = PBXFileReference; lastKnownFileType = sourcecode.c.objc; path = ResourceTreeViewExt.m; sourceTree = "<group>"; };
		B69F35132E385CE0007EEA89 /* ResourceListViewExt.h */ = {isa = PBXFileReference; lastKnownFileType = sourcecode.c.h; path = ResourceListViewExt.h; sourceTree = "<group>"; };
		B69F35142E385D41007EEA89 /* ResourceListViewExt.m */ = {isa = PBXFileReference; lastKnownFileType = sourcecode.c.objc; path = ResourceListViewExt.m; sourceTree = "<group>"; };
		B69F35162E385E0E007EEA89 /* NamedPackedFileDescriptor.h */ = {isa = PBXFileReference; lastKnownFileType = sourcecode.c.h; path = NamedPackedFileDescriptor.h; sourceTree = "<group>"; };
		B69F35172E385E4F007EEA89 /* NamedPackedFileDescriptor.m */ = {isa = PBXFileReference; lastKnownFileType = sourcecode.c.objc; path = NamedPackedFileDescriptor.m; sourceTree = "<group>"; };
		B6B02CD52E4EB567009240FD /* IPackedFileUI.h */ = {isa = PBXFileReference; lastKnownFileType = sourcecode.c.h; path = IPackedFileUI.h; sourceTree = "<group>"; };
		B6B02CD62E4EB9FB009240FD /* RcolUI.h */ = {isa = PBXFileReference; lastKnownFileType = sourcecode.c.h; path = RcolUI.h; sourceTree = "<group>"; };
		B6B02CD72E4EBA34009240FD /* RcolUI.m */ = {isa = PBXFileReference; lastKnownFileType = sourcecode.c.objc; path = RcolUI.m; sourceTree = "<group>"; };
		B6B02CD92E4EBA69009240FD /* RcolForm.h */ = {isa = PBXFileReference; lastKnownFileType = sourcecode.c.h; path = RcolForm.h; sourceTree = "<group>"; };
		B6B02CDA2E4EBADF009240FD /* RcolForm.m */ = {isa = PBXFileReference; lastKnownFileType = sourcecode.c.objc; path = RcolForm.m; sourceTree = "<group>"; };
		B6B02CDC2E4EBEEB009240FD /* WrapperBaseControl.h */ = {isa = PBXFileReference; lastKnownFileType = sourcecode.c.h; path = WrapperBaseControl.h; sourceTree = "<group>"; };
		B6B02CDD2E4EBF3B009240FD /* WrapperBaseControl.m */ = {isa = PBXFileReference; lastKnownFileType = sourcecode.c.objc; path = WrapperBaseControl.m; sourceTree = "<group>"; };
		B6B02CDF2E4EC0AA009240FD /* ScenegraphHelper.h */ = {isa = PBXFileReference; lastKnownFileType = sourcecode.c.h; path = ScenegraphHelper.h; sourceTree = "<group>"; };
		B6B02CE02E4EC0E7009240FD /* ScenegraphHelper.m */ = {isa = PBXFileReference; lastKnownFileType = sourcecode.c.objc; path = ScenegraphHelper.m; sourceTree = "<group>"; };
		B6B02CE22E4EC150009240FD /* IScenegraphBlock.h */ = {isa = PBXFileReference; lastKnownFileType = sourcecode.c.h; path = IScenegraphBlock.h; sourceTree = "<group>"; };
		B6BBE6F82E40F17D003D5BCC /* ISettingsRegistry.h */ = {isa = PBXFileReference; lastKnownFileType = sourcecode.c.h; path = ISettingsRegistry.h; sourceTree = "<group>"; };
		B6BBE6F92E40F228003D5BCC /* ICommandLIne.h */ = {isa = PBXFileReference; lastKnownFileType = sourcecode.c.h; path = ICommandLIne.h; sourceTree = "<group>"; };
		B6BBE6FA2E40F289003D5BCC /* ICommandLineFactory.h */ = {isa = PBXFileReference; lastKnownFileType = sourcecode.c.h; path = ICommandLineFactory.h; sourceTree = "<group>"; };
		B6BBE6FB2E40F314003D5BCC /* ICommandLineRegistry.h */ = {isa = PBXFileReference; lastKnownFileType = sourcecode.c.h; path = ICommandLineRegistry.h; sourceTree = "<group>"; };
		B6CDCC442E33E837004FDF82 /* MacSimpe.app */ = {isa = PBXFileReference; explicitFileType = wrapper.application; includeInIndex = 0; path = MacSimpe.app; sourceTree = BUILT_PRODUCTS_DIR; };
		B6CDCC592E33E838004FDF82 /* MacSimpeTests.xctest */ = {isa = PBXFileReference; explicitFileType = wrapper.cfbundle; includeInIndex = 0; path = MacSimpeTests.xctest; sourceTree = BUILT_PRODUCTS_DIR; };
		B6CDCC632E33E838004FDF82 /* MacSimpeUITests.xctest */ = {isa = PBXFileReference; explicitFileType = wrapper.cfbundle; includeInIndex = 0; path = MacSimpeUITests.xctest; sourceTree = BUILT_PRODUCTS_DIR; };
		B6CDCC762E33E8B1004FDF82 /* SharedTypes.m */ = {isa = PBXFileReference; lastKnownFileType = sourcecode.c.objc; path = SharedTypes.m; sourceTree = "<group>"; };
		B6CDCC782E33E932004FDF82 /* SharedTypes.h */ = {isa = PBXFileReference; lastKnownFileType = sourcecode.c.h; path = SharedTypes.h; sourceTree = "<group>"; };
		B6CDCC792E33EA2F004FDF82 /* ToolTypes.h */ = {isa = PBXFileReference; lastKnownFileType = sourcecode.c.h; path = ToolTypes.h; sourceTree = "<group>"; };
		B6CDCC7C2E33EB1F004FDF82 /* ToolTypes.m */ = {isa = PBXFileReference; lastKnownFileType = sourcecode.c.objc; path = ToolTypes.m; sourceTree = "<group>"; };
		B6CDCC7F2E33EB76004FDF82 /* SidebarView.h */ = {isa = PBXFileReference; lastKnownFileType = sourcecode.c.h; path = SidebarView.h; sourceTree = "<group>"; };
		B6CDCC802E33EBD2004FDF82 /* SidebarView.m */ = {isa = PBXFileReference; lastKnownFileType = sourcecode.c.objc; path = SidebarView.m; sourceTree = "<group>"; };
		B6CDCC842E33F2EB004FDF82 /* File.h */ = {isa = PBXFileReference; lastKnownFileType = sourcecode.c.h; path = File.h; sourceTree = "<group>"; };
		B6CDCC852E33F358004FDF82 /* File.m */ = {isa = PBXFileReference; lastKnownFileType = sourcecode.c.objc; path = File.m; sourceTree = "<group>"; };
		B6CDCC892E33FBFF004FDF82 /* Stream.h */ = {isa = PBXFileReference; lastKnownFileType = sourcecode.c.h; path = Stream.h; sourceTree = "<group>"; };
		B6CDCC8A2E33FC6B004FDF82 /* Stream.m */ = {isa = PBXFileReference; lastKnownFileType = sourcecode.c.objc; path = Stream.m; sourceTree = "<group>"; };
		B6CDCC8C2E33FD63004FDF82 /* MemoryStream.h */ = {isa = PBXFileReference; lastKnownFileType = sourcecode.c.h; path = MemoryStream.h; sourceTree = "<group>"; };
		B6CDCC8D2E33FE4E004FDF82 /* MemoryStream.m */ = {isa = PBXFileReference; lastKnownFileType = sourcecode.c.objc; path = MemoryStream.m; sourceTree = "<group>"; };
		B6CDCC8F2E340297004FDF82 /* FileStream.m */ = {isa = PBXFileReference; lastKnownFileType = sourcecode.c.objc; path = FileStream.m; sourceTree = "<group>"; };
		B6CDCC912E3402CB004FDF82 /* FileStream.h */ = {isa = PBXFileReference; lastKnownFileType = sourcecode.c.h; path = FileStream.h; sourceTree = "<group>"; };
		B6CDCC922E3404F4004FDF82 /* BinaryReader.h */ = {isa = PBXFileReference; lastKnownFileType = sourcecode.c.h; path = BinaryReader.h; sourceTree = "<group>"; };
		B6CDCC932E340521004FDF82 /* BinaryReader.m */ = {isa = PBXFileReference; lastKnownFileType = sourcecode.c.objc; path = BinaryReader.m; sourceTree = "<group>"; };
		B6CDCC952E3405F0004FDF82 /* BinaryWriter.h */ = {isa = PBXFileReference; lastKnownFileType = sourcecode.c.h; path = BinaryWriter.h; sourceTree = "<group>"; };
		B6CDCC962E340622004FDF82 /* BinaryWriter.m */ = {isa = PBXFileReference; lastKnownFileType = sourcecode.c.objc; path = BinaryWriter.m; sourceTree = "<group>"; };
		B6CDCC982E34070A004FDF82 /* HeaderData.h */ = {isa = PBXFileReference; lastKnownFileType = sourcecode.c.h; path = HeaderData.h; sourceTree = "<group>"; };
		B6CDCC992E340790004FDF82 /* HeaderData.m */ = {isa = PBXFileReference; lastKnownFileType = sourcecode.c.objc; path = HeaderData.m; sourceTree = "<group>"; };
		B6CDCC9B2E3426C9004FDF82 /* HeaderIndex.h */ = {isa = PBXFileReference; lastKnownFileType = sourcecode.c.h; path = HeaderIndex.h; sourceTree = "<group>"; };
		B6CDCC9C2E34271B004FDF82 /* HeaderIndex.m */ = {isa = PBXFileReference; lastKnownFileType = sourcecode.c.objc; path = HeaderIndex.m; sourceTree = "<group>"; };
		B6CDCC9E2E3427A9004FDF82 /* HeaderHole.h */ = {isa = PBXFileReference; lastKnownFileType = sourcecode.c.h; path = HeaderHole.h; sourceTree = "<group>"; };
		B6CDCC9F2E3427DE004FDF82 /* HeaderHole.m */ = {isa = PBXFileReference; lastKnownFileType = sourcecode.c.objc; path = HeaderHole.m; sourceTree = "<group>"; };
		B6CDCCA12E3428CC004FDF82 /* HoleIndexItem.h */ = {isa = PBXFileReference; lastKnownFileType = sourcecode.c.h; path = HoleIndexItem.h; sourceTree = "<group>"; };
		B6CDCCA22E342902004FDF82 /* HoleIndexItem.m */ = {isa = PBXFileReference; lastKnownFileType = sourcecode.c.objc; path = HoleIndexItem.m; sourceTree = "<group>"; };
		B6CDCCA52E342AF5004FDF82 /* PackedFileDescriptorSimple.h */ = {isa = PBXFileReference; lastKnownFileType = sourcecode.c.h; path = PackedFileDescriptorSimple.h; sourceTree = "<group>"; };
		B6CDCCA62E342B3D004FDF82 /* PackedFileDescriptorSimple.m */ = {isa = PBXFileReference; lastKnownFileType = sourcecode.c.objc; path = PackedFileDescriptorSimple.m; sourceTree = "<group>"; };
		B6CDCCA82E342B75004FDF82 /* PackedFileDescriptor.h */ = {isa = PBXFileReference; lastKnownFileType = sourcecode.c.h; path = PackedFileDescriptor.h; sourceTree = "<group>"; };
		B6CDCCA92E342B97004FDF82 /* PackedFileDescriptor.m */ = {isa = PBXFileReference; lastKnownFileType = sourcecode.c.objc; path = PackedFileDescriptor.m; sourceTree = "<group>"; };
		B6CDCCAC2E342CAA004FDF82 /* IPackageHeader.h */ = {isa = PBXFileReference; lastKnownFileType = sourcecode.c.h; path = IPackageHeader.h; sourceTree = "<group>"; };
		B6CDCCAF2E342D63004FDF82 /* IPackageHeaderHole.h */ = {isa = PBXFileReference; lastKnownFileType = sourcecode.c.h; path = IPackageHeaderHole.h; sourceTree = "<group>"; };
		B6CDCCB02E3438A4004FDF82 /* IPackageHeaderIndex.h */ = {isa = PBXFileReference; lastKnownFileType = sourcecode.c.h; path = IPackageHeaderIndex.h; sourceTree = "<group>"; };
		B6CDCCB22E3440F7004FDF82 /* MetaData.h */ = {isa = PBXFileReference; lastKnownFileType = sourcecode.c.h; path = MetaData.h; sourceTree = "<group>"; };
		B6CDCCB32E34416F004FDF82 /* MetaData.m */ = {isa = PBXFileReference; lastKnownFileType = sourcecode.c.objc; path = MetaData.m; sourceTree = "<group>"; };
		B6CDCCB52E3447B2004FDF82 /* IPackedFileDescriptorSimple.h */ = {isa = PBXFileReference; lastKnownFileType = sourcecode.c.h; path = IPackedFileDescriptorSimple.h; sourceTree = "<group>"; };
		B6CDCCB62E344A43004FDF82 /* IPackedFileDescriptor.h */ = {isa = PBXFileReference; lastKnownFileType = sourcecode.c.h; path = IPackedFileDescriptor.h; sourceTree = "<group>"; };
		B6CDCCB82E3451DA004FDF82 /* IPackedFileDescriptorBasic.h */ = {isa = PBXFileReference; lastKnownFileType = sourcecode.c.h; path = IPackedFileDescriptorBasic.h; sourceTree = "<group>"; };
		B6CDCCB92E3458C2004FDF82 /* PackedFileDescriptors.h */ = {isa = PBXFileReference; lastKnownFileType = sourcecode.c.h; path = PackedFileDescriptors.h; sourceTree = "<group>"; };
		B6CDCCBA2E345922004FDF82 /* PackedFileDescriptors.m */ = {isa = PBXFileReference; lastKnownFileType = sourcecode.c.objc; path = PackedFileDescriptors.m; sourceTree = "<group>"; };
		B6CDCCBD2E34665C004FDF82 /* IPackageFile.h */ = {isa = PBXFileReference; lastKnownFileType = sourcecode.c.h; path = IPackageFile.h; sourceTree = "<group>"; };
		B6F4409B2E4655B000870564 /* IRcolBlock.h */ = {isa = PBXFileReference; lastKnownFileType = sourcecode.c.h; path = IRcolBlock.h; sourceTree = "<group>"; };
		B6F4409C2E46567200870564 /* RcolWrapper.h */ = {isa = PBXFileReference; lastKnownFileType = sourcecode.c.h; path = RcolWrapper.h; sourceTree = "<group>"; };
		B6F4409D2E4656B400870564 /* RcolWrapper.m */ = {isa = PBXFileReference; lastKnownFileType = sourcecode.c.objc; path = RcolWrapper.m; sourceTree = "<group>"; };
		B6F4409E2E4657A000870564 /* IScenegraphItem.h */ = {isa = PBXFileReference; lastKnownFileType = sourcecode.c.h; path = IScenegraphItem.h; sourceTree = "<group>"; };
		B6F4409F2E46585D00870564 /* ASerializeFormater.h */ = {isa = PBXFileReference; lastKnownFileType = sourcecode.c.h; path = ASerializeFormater.h; sourceTree = "<group>"; };
		B6F440A02E46589400870564 /* ASerializeFormater.m */ = {isa = PBXFileReference; lastKnownFileType = sourcecode.c.objc; path = ASerializeFormater.m; sourceTree = "<group>"; };
		B6F440A22E465E7B00870564 /* Containers.h */ = {isa = PBXFileReference; lastKnownFileType = sourcecode.c.h; path = Containers.h; sourceTree = "<group>"; };
		B6F440A32E465EB300870564 /* Containers.m */ = {isa = PBXFileReference; lastKnownFileType = sourcecode.c.objc; path = Containers.m; sourceTree = "<group>"; };
		B6F440A52E465EF200870564 /* CountedListItem.h */ = {isa = PBXFileReference; lastKnownFileType = sourcecode.c.h; path = CountedListItem.h; sourceTree = "<group>"; };
		B6F440A62E465F2500870564 /* CountedListItem.m */ = {isa = PBXFileReference; lastKnownFileType = sourcecode.c.objc; path = CountedListItem.m; sourceTree = "<group>"; };
		B6F440A82E465FB000870564 /* ArgParser.h */ = {isa = PBXFileReference; lastKnownFileType = sourcecode.c.h; path = ArgParser.h; sourceTree = "<group>"; };
		B6F440A92E465FDF00870564 /* ArgParser.m */ = {isa = PBXFileReference; lastKnownFileType = sourcecode.c.objc; path = ArgParser.m; sourceTree = "<group>"; };
		B6F440AB2E4660A100870564 /* ExceptionForm.h */ = {isa = PBXFileReference; lastKnownFileType = sourcecode.c.h; path = ExceptionForm.h; sourceTree = "<group>"; };
		B6F440AC2E4661D800870564 /* ExceptionForm.m */ = {isa = PBXFileReference; lastKnownFileType = sourcecode.c.objc; path = ExceptionForm.m; sourceTree = "<group>"; };
		B6F440AE2E46640900870564 /* FlagBaseConverter.h */ = {isa = PBXFileReference; lastKnownFileType = sourcecode.c.h; path = FlagBaseConverter.h; sourceTree = "<group>"; };
		B6F440AF2E46643B00870564 /* FlagBaseConverter.m */ = {isa = PBXFileReference; lastKnownFileType = sourcecode.c.objc; path = FlagBaseConverter.m; sourceTree = "<group>"; };
		B6F440B12E46657F00870564 /* FlagObjectBuilder.h */ = {isa = PBXFileReference; lastKnownFileType = sourcecode.c.h; path = FlagObjectBuilder.h; sourceTree = "<group>"; };
		B6F440B22E4665BD00870564 /* FlagObjectBuilder.m */ = {isa = PBXFileReference; lastKnownFileType = sourcecode.c.objc; path = FlagObjectBuilder.m; sourceTree = "<group>"; };
		B6FDC58B2E3FD993004E8AA6 /* WaitingScreen.h */ = {isa = PBXFileReference; lastKnownFileType = sourcecode.c.h; path = WaitingScreen.h; sourceTree = "<group>"; };
		B6FDC58C2E3FD9D7004E8AA6 /* WaitingScreen.m */ = {isa = PBXFileReference; lastKnownFileType = sourcecode.c.objc; path = WaitingScreen.m; sourceTree = "<group>"; };
		B6FDC58E2E3FDA2F004E8AA6 /* WaitingForm.h */ = {isa = PBXFileReference; lastKnownFileType = sourcecode.c.h; path = WaitingForm.h; sourceTree = "<group>"; };
		B6FDC58F2E3FDAA4004E8AA6 /* WaitingForm.m */ = {isa = PBXFileReference; lastKnownFileType = sourcecode.c.objc; path = WaitingForm.m; sourceTree = "<group>"; };
		B6FDC5912E3FDDF4004E8AA6 /* IToolRegistry.h */ = {isa = PBXFileReference; lastKnownFileType = sourcecode.c.h; path = IToolRegistry.h; sourceTree = "<group>"; };
		B6FDC5922E3FDE4C004E8AA6 /* ITool.h */ = {isa = PBXFileReference; lastKnownFileType = sourcecode.c.h; path = ITool.h; sourceTree = "<group>"; };
		B6FDC5932E3FDE85004E8AA6 /* IToolAction.h */ = {isa = PBXFileReference; lastKnownFileType = sourcecode.c.h; path = IToolAction.h; sourceTree = "<group>"; };
		B6FDC5942E3FDED0004E8AA6 /* IToolExt.h */ = {isa = PBXFileReference; lastKnownFileType = sourcecode.c.h; path = IToolExt.h; sourceTree = "<group>"; };
		B6FDC5952E3FDF2C004E8AA6 /* IToolFactory.h */ = {isa = PBXFileReference; lastKnownFileType = sourcecode.c.h; path = IToolFactory.h; sourceTree = "<group>"; };
		B6FDC5962E3FDF73004E8AA6 /* IToolResult.h */ = {isa = PBXFileReference; lastKnownFileType = sourcecode.c.h; path = IToolResult.h; sourceTree = "<group>"; };
		B6FDC5972E3FDFD6004E8AA6 /* IHelpRegistry.h */ = {isa = PBXFileReference; lastKnownFileType = sourcecode.c.h; path = IHelpRegistry.h; sourceTree = "<group>"; };
		B6FDC5982E3FE009004E8AA6 /* IHelpFactory.h */ = {isa = PBXFileReference; lastKnownFileType = sourcecode.c.h; path = IHelpFactory.h; sourceTree = "<group>"; };
		B6FDC5992E3FE031004E8AA6 /* IHelp.h */ = {isa = PBXFileReference; lastKnownFileType = sourcecode.c.h; path = IHelp.h; sourceTree = "<group>"; };
		B6FDC59A2E3FE139004E8AA6 /* StreamMaintainer.h */ = {isa = PBXFileReference; lastKnownFileType = sourcecode.c.h; path = StreamMaintainer.h; sourceTree = "<group>"; };
		B6FDC59B2E3FE170004E8AA6 /* StreamMaintainer.m */ = {isa = PBXFileReference; lastKnownFileType = sourcecode.c.objc; path = StreamMaintainer.m; sourceTree = "<group>"; };
		B6FDC59D2E402907004E8AA6 /* ISettings.h */ = {isa = PBXFileReference; lastKnownFileType = sourcecode.c.h; path = ISettings.h; sourceTree = "<group>"; };
		B6FDC59E2E402956004E8AA6 /* ISettingsFactory.h */ = {isa = PBXFileReference; lastKnownFileType = sourcecode.c.h; path = ISettingsFactory.h; sourceTree = "<group>"; };
/* End PBXFileReference section */

/* Begin PBXFileSystemSynchronizedRootGroup section */
		B6CDCC462E33E837004FDF82 /* MacSimpe */ = {
			isa = PBXFileSystemSynchronizedRootGroup;
			path = MacSimpe;
			sourceTree = "<group>";
		};
		B6CDCC5C2E33E838004FDF82 /* MacSimpeTests */ = {
			isa = PBXFileSystemSynchronizedRootGroup;
			path = MacSimpeTests;
			sourceTree = "<group>";
		};
		B6CDCC662E33E838004FDF82 /* MacSimpeUITests */ = {
			isa = PBXFileSystemSynchronizedRootGroup;
			path = MacSimpeUITests;
			sourceTree = "<group>";
		};
/* End PBXFileSystemSynchronizedRootGroup section */

/* Begin PBXFrameworksBuildPhase section */
		B6CDCC412E33E837004FDF82 /* Frameworks */ = {
			isa = PBXFrameworksBuildPhase;
			buildActionMask = 2147483647;
			files = (
			);
			runOnlyForDeploymentPostprocessing = 0;
		};
		B6CDCC562E33E838004FDF82 /* Frameworks */ = {
			isa = PBXFrameworksBuildPhase;
			buildActionMask = 2147483647;
			files = (
			);
			runOnlyForDeploymentPostprocessing = 0;
		};
		B6CDCC602E33E838004FDF82 /* Frameworks */ = {
			isa = PBXFrameworksBuildPhase;
			buildActionMask = 2147483647;
			files = (
			);
			runOnlyForDeploymentPostprocessing = 0;
		};
/* End PBXFrameworksBuildPhase section */

/* Begin PBXGroup section */
		B61CE59B2E3ADF2300547C40 /* WorkspaceHelper */ = {
			isa = PBXGroup;
			children = (
				B61CE59C2E3ADF3E00547C40 /* FileTable.h */,
				B61CE59D2E3ADF9D00547C40 /* FileTable.m */,
				B6FDC5912E3FDDF4004E8AA6 /* IToolRegistry.h */,
				B6FDC5922E3FDE4C004E8AA6 /* ITool.h */,
				B6FDC5932E3FDE85004E8AA6 /* IToolAction.h */,
				B6FDC5942E3FDED0004E8AA6 /* IToolExt.h */,
				B6FDC5952E3FDF2C004E8AA6 /* IToolFactory.h */,
				B6FDC5962E3FDF73004E8AA6 /* IToolResult.h */,
				B6FDC5972E3FDFD6004E8AA6 /* IHelpRegistry.h */,
				B6FDC5982E3FE009004E8AA6 /* IHelpFactory.h */,
				B6FDC5992E3FE031004E8AA6 /* IHelp.h */,
				B6BBE6FB2E40F314003D5BCC /* ICommandLineRegistry.h */,
				B646E9102E4E6BE400A92D70 /* IListener.h */,
				B646E9112E4E6CE700A92D70 /* IListener.m */,
				B6B02CDC2E4EBEEB009240FD /* WrapperBaseControl.h */,
				B6B02CDD2E4EBF3B009240FD /* WrapperBaseControl.m */,
				B6B02CDF2E4EC0AA009240FD /* ScenegraphHelper.h */,
				B6B02CE02E4EC0E7009240FD /* ScenegraphHelper.m */,
			);
			path = WorkspaceHelper;
			sourceTree = "<group>";
		};
		B62437E22E35A2470052119F /* XMLResourceFiles */ = {
			isa = PBXGroup;
			children = (
				B62437F12E35A35C0052119F /* additionalcareers.xml */,
				B62437EF2E35A3490052119F /* additionalmajors.xml */,
				B62437ED2E35A3350052119F /* additionalschools.xml */,
				B62437EB2E35A3190052119F /* hoods.xml */,
				B62437E92E35A2FB0052119F /* objddefinition.xml */,
				B62437E72E35A2DD0052119F /* semiglobals.xml */,
				B62437E52E35A2C20052119F /* txmtdefinition.xml */,
				B62437E32E35A2990052119F /* tgi.xml */,
			);
			path = XMLResourceFiles;
			sourceTree = "<group>";
		};
		B632A4352E36A2FD0024810C /* Clst */ = {
			isa = PBXGroup;
			children = (
				B632A4362E36A3160024810C /* CompressedFileList.h */,
				B632A4372E36A3AD0024810C /* CompressedFileList.m */,
				B69F34F82E38398A007EEA89 /* ClstItem.h */,
				B69F34F92E3839E7007EEA89 /* ClstItem.m */,
			);
			path = Clst;
			sourceTree = "<group>";
		};
		B64E6BAE2E3539F9009AD0A7 /* GenericHandlers */ = {
			isa = PBXGroup;
			children = (
				B64E6BAF2E353A27009AD0A7 /* GenericWrapperFactory.h */,
				B64E6BB02E353A75009AD0A7 /* GenericWrapperFactory.m */,
				B64E6BB12E353AE5009AD0A7 /* TreeWrapper.h */,
				B64E6BB22E353B3C009AD0A7 /* TreeWrapper.m */,
			);
			path = GenericHandlers;
			sourceTree = "<group>";
		};
		B64E6BB32E353E8B009AD0A7 /* HandlerCommon */ = {
			isa = PBXGroup;
			children = (
				B64E6BB42E353EA7009AD0A7 /* AbstractWrapper.h */,
				B64E6BB52E353F46009AD0A7 /* AbstractWrapper.m */,
				B64E6BB62E3540EF009AD0A7 /* AbstractFactory.h */,
				B64E6BB72E354348009AD0A7 /* AbstractFactory.m */,
				B64E6BB82E3543BB009AD0A7 /* AbstractWrapperInfo.h */,
				B64E6BB92E3543E2009AD0A7 /* AbstractWrapperInfo.m */,
			);
			path = HandlerCommon;
			sourceTree = "<group>";
		};
		B64F1C962E43FC49001C0DEC /* Rcol */ = {
			isa = PBXGroup;
			children = (
				B64F1C972E43FC63001C0DEC /* GenericRcolWrapper.h */,
				B64F1C982E43FCBC001C0DEC /* GenericRcolWrapper.m */,
				B6F4409B2E4655B000870564 /* IRcolBlock.h */,
				B6F4409C2E46567200870564 /* RcolWrapper.h */,
				B6F4409D2E4656B400870564 /* RcolWrapper.m */,
				B6B02CD62E4EB9FB009240FD /* RcolUI.h */,
				B6B02CD72E4EBA34009240FD /* RcolUI.m */,
				B6B02CD92E4EBA69009240FD /* RcolForm.h */,
				B6B02CDA2E4EBADF009240FD /* RcolForm.m */,
			);
			path = Rcol;
			sourceTree = "<group>";
		};
		B65044682E46D1DA0014569E /* Temp */ = {
			isa = PBXGroup;
			children = (
				B65044692E46D1F10014569E /* RemoteControl.h */,
				B650446A2E46D2160014569E /* RemoteControl.m */,
			);
			path = Temp;
			sourceTree = "<group>";
		};
		B6819E552E3D651F00E37434 /* NameProvider */ = {
			isa = PBXGroup;
			children = (
				B69C59F32E3E82F200794FC7 /* TypeRegistry.h */,
				B69C59F42E3E894900794FC7 /* TypeRegistry.m */,
			);
			path = NameProvider;
			sourceTree = "<group>";
		};
		B6819E592E3E758B00E37434 /* Scenegraph */ = {
			isa = PBXGroup;
			children = (
				B6819E5A2E3E75A000E37434 /* FileIndex.h */,
				B6819E5B2E3E76EF00E37434 /* FileIndex.m */,
			);
			path = Scenegraph;
			sourceTree = "<group>";
		};
		B69F34F12E383523007EEA89 /* ResourceControls */ = {
			isa = PBXGroup;
			children = (
				B64EEF432E3937EA0008E7CA /* AResourceTreeNodeBuilder.h */,
				B64EEF442E3938AE0008E7CA /* AResourceTreeNodeBuilder.m */,
				B64EEF412E3937560008E7CA /* IResourceTreeNodeBuilder.h */,
				B64EEF422E39379E0008E7CA /* IResourceViewFilter.h */,
				B69F35162E385E0E007EEA89 /* NamedPackedFileDescriptor.h */,
				B69F35172E385E4F007EEA89 /* NamedPackedFileDescriptor.m */,
				B64EEF462E3939250008E7CA /* ResourceListItemExt.h */,
				B64EEF472E3939610008E7CA /* ResourceListItemExt.m */,
				B69F35132E385CE0007EEA89 /* ResourceListViewExt.h */,
				B69F35142E385D41007EEA89 /* ResourceListViewExt.m */,
				B64EEF492E3974350008E7CA /* ResourceListViewExtSelection.h */,
				B64EEF4A2E3974800008E7CA /* ResourceListViewExtSelection.m */,
				B64EEF702E39816B0008E7CA /* ResourceListViewExtSorting.h */,
				B64EEF712E3981A00008E7CA /* ResourceListViewExtSorting.m */,
				B69F34FB2E383AB4007EEA89 /* ResourceMaps.h */,
				B69F34FC2E383AE6007EEA89 /* ResourceMaps.m */,
				B64EEF822E3988680008E7CA /* ResourceNameSorter.h */,
				B61CE5682E3A84A200547C40 /* ResourceNameSorter.m */,
				B64EEF732E3984EE0008E7CA /* ResourceTreeNodeExt.h */,
				B64EEF742E39851A0008E7CA /* ResourceTreeNodeExt.m */,
				B64EEF762E3985790008E7CA /* ResourceTreeNodesByGroup.h */,
				B64EEF772E3985AC0008E7CA /* ResourceTreeNodesByGroup.m */,
				B64EEF792E3985EE0008E7CA /* ResourceTreeNodesByInstance.h */,
				B64EEF7A2E39862F0008E7CA /* ResourceTreeNodesByInstance.m */,
				B64EEF7C2E39866C0008E7CA /* ResourceTreeNodesByType.h */,
				B64EEF7D2E3986BB0008E7CA /* ResourceTreeNodesByType.m */,
				B64EEF7F2E3987A90008E7CA /* ResourceTreeTypeNodeExt.h */,
				B64EEF802E3987F20008E7CA /* ResourceTreeTypeNodeExt.m */,
				B69F350D2E384859007EEA89 /* ResourceTreeViewExt.h */,
				B69F350E2E3848E1007EEA89 /* ResourceTreeViewExt.m */,
				B69F34F22E383544007EEA89 /* ResourceViewManager.h */,
				B69F34F32E3835A1007EEA89 /* ResourceViewManager.m */,
				B69F34F52E383618007EEA89 /* ResourceViewManagerHelpers.h */,
				B69F34F62E383644007EEA89 /* ResourceViewManagerHelpers.m */,
				B61CE56A2E3A858300547C40 /* ViewFilter.h */,
				B61CE56B2E3A85A800547C40 /* ViewFilter.m */,
				B61CE56D2E3A861300547C40 /* WaitControl.h */,
				B61CE56E2E3A863800547C40 /* WaitControl.m */,
			);
			path = ResourceControls;
			sourceTree = "<group>";
		};
		B6CDCC3B2E33E837004FDF82 = {
			isa = PBXGroup;
			children = (
				B65044682E46D1DA0014569E /* Temp */,
				B632A4352E36A2FD0024810C /* Clst */,
				B64E6BAE2E3539F9009AD0A7 /* GenericHandlers */,
				B6CDCC822E33F0F3004FDF82 /* GUI */,
				B64E6BB32E353E8B009AD0A7 /* HandlerCommon */,
				B6CDCCB12E3440CA004FDF82 /* Helper */,
				B6CDCCAB2E342C69004FDF82 /* Interfaces */,
				B6CDCC872E33FBC2004FDF82 /* IO */,
				B6CDCC462E33E837004FDF82 /* MacSimpe */,
				B6CDCC5C2E33E838004FDF82 /* MacSimpeTests */,
				B6CDCC662E33E838004FDF82 /* MacSimpeUITests */,
				B6819E552E3D651F00E37434 /* NameProvider */,
				B6CDCC832E33F1CA004FDF82 /* Packages */,
				B6CDCC452E33E837004FDF82 /* Products */,
				B64F1C962E43FC49001C0DEC /* Rcol */,
				B69F34F12E383523007EEA89 /* ResourceControls */,
				B6819E592E3E758B00E37434 /* Scenegraph */,
				B61CE59B2E3ADF2300547C40 /* WorkspaceHelper */,
				B62437E22E35A2470052119F /* XMLResourceFiles */,
			);
			sourceTree = "<group>";
		};
		B6CDCC452E33E837004FDF82 /* Products */ = {
			isa = PBXGroup;
			children = (
				B6CDCC442E33E837004FDF82 /* MacSimpe.app */,
				B6CDCC592E33E838004FDF82 /* MacSimpeTests.xctest */,
				B6CDCC632E33E838004FDF82 /* MacSimpeUITests.xctest */,
			);
			name = Products;
			sourceTree = "<group>";
		};
		B6CDCC822E33F0F3004FDF82 /* GUI */ = {
			isa = PBXGroup;
			children = (
				B6CDCC782E33E932004FDF82 /* SharedTypes.h */,
				B6CDCC762E33E8B1004FDF82 /* SharedTypes.m */,
				B6CDCC7F2E33EB76004FDF82 /* SidebarView.h */,
				B6CDCC802E33EBD2004FDF82 /* SidebarView.m */,
				B6CDCC792E33EA2F004FDF82 /* ToolTypes.h */,
				B6CDCC7C2E33EB1F004FDF82 /* ToolTypes.m */,
			);
			path = GUI;
			sourceTree = "<group>";
		};
		B6CDCC832E33F1CA004FDF82 /* Packages */ = {
			isa = PBXGroup;
			children = (
				B69F34E72E37F35C007EEA89 /* ExtractableFile.h */,
				B69F34E82E37F37C007EEA89 /* ExtractableFile.m */,
				B6CDCC842E33F2EB004FDF82 /* File.h */,
				B6CDCC852E33F358004FDF82 /* File.m */,
				B6819E562E3E72FF00E37434 /* FileIndexItem.h */,
				B6819E572E3E734000E37434 /* FileIndexItem.m */,
				B61CE59E2E3AE0A600547C40 /* FileTableBase.h */,
				B61CE59F2E3AE10A00547C40 /* FileTableBase.m */,
				B64F1C9C2E4400E0001C0DEC /* FileTableItem.h */,
				B64F1C9D2E44011C001C0DEC /* FileTableItem.m */,
				B61C4CF92E456A1F00BC38B4 /* FileTableItemType.h */,
				B64F1CA02E44041A001C0DEC /* FileTableItemType.m */,
				B69F34EA2E37F3CA007EEA89 /* GeneratableFile.h */,
				B69F34EB2E37F3F3007EEA89 /* GeneratableFile.m */,
				B6CDCC982E34070A004FDF82 /* HeaderData.h */,
				B6CDCC992E340790004FDF82 /* HeaderData.m */,
				B6CDCC9E2E3427A9004FDF82 /* HeaderHole.h */,
				B6CDCC9F2E3427DE004FDF82 /* HeaderHole.m */,
				B6CDCC9B2E3426C9004FDF82 /* HeaderIndex.h */,
				B6CDCC9C2E34271B004FDF82 /* HeaderIndex.m */,
				B6CDCCA12E3428CC004FDF82 /* HoleIndexItem.h */,
				B6CDCCA22E342902004FDF82 /* HoleIndexItem.m */,
				B69F34E42E37F2F3007EEA89 /* PackageMaintainer.h */,
				B69F34E52E37F319007EEA89 /* PackageMaintainer.m */,
				B61CE5A12E3AE64500547C40 /* PackageRepair.h */,
				B61CE5A22E3AE68400547C40 /* PackageRepair.m */,
				B69F34ED2E37F49A007EEA89 /* PackedFile.h */,
				B69F34EE2E37F4D6007EEA89 /* PackedFile.m */,
				B6CDCCA82E342B75004FDF82 /* PackedFileDescriptor.h */,
				B6CDCCA92E342B97004FDF82 /* PackedFileDescriptor.m */,
				B6CDCCB92E3458C2004FDF82 /* PackedFileDescriptors.h */,
				B6CDCCBA2E345922004FDF82 /* PackedFileDescriptors.m */,
				B6CDCCA52E342AF5004FDF82 /* PackedFileDescriptorSimple.h */,
				B6CDCCA62E342B3D004FDF82 /* PackedFileDescriptorSimple.m */,
				B64F1CA22E4404C5001C0DEC /* Settings.h */,
				B64F1CA32E4404F9001C0DEC /* Settings.m */,
				B61CE5A42E3AE6D700547C40 /* SimPEResourceIndex.h */,
				B61CE5A52E3AE72300547C40 /* SimPEResourceIndex.m */,
				B6FDC59A2E3FE139004E8AA6 /* StreamMaintainer.h */,
				B6FDC59B2E3FE170004E8AA6 /* StreamMaintainer.m */,
				B64F1C992E43FE91001C0DEC /* XmlPackageReaderBase.h */,
				B64F1C9A2E43FEC3001C0DEC /* XmlPackageReaderBase.m */,
				B61C4CFA2E456EB100BC38B4 /* PackageFiles.h */,
				B61C4CFB2E456EF300BC38B4 /* PackageFiles.m */,
				B65044652E46C3BE0014569E /* DBPFIndexUtility.h */,
				B65044662E46C40F0014569E /* DBPFIndexUtility.m */,
				B690E6F12E4A4FF400A75815 /* FileTableEnums.h */,
			);
			path = Packages;
			sourceTree = "<group>";
		};
		B6CDCC872E33FBC2004FDF82 /* IO */ = {
			isa = PBXGroup;
			children = (
				B6CDCC892E33FBFF004FDF82 /* Stream.h */,
				B6CDCC8A2E33FC6B004FDF82 /* Stream.m */,
				B6CDCC8C2E33FD63004FDF82 /* MemoryStream.h */,
				B6CDCC8D2E33FE4E004FDF82 /* MemoryStream.m */,
				B6CDCC8F2E340297004FDF82 /* FileStream.m */,
				B6CDCC912E3402CB004FDF82 /* FileStream.h */,
				B6CDCC922E3404F4004FDF82 /* BinaryReader.h */,
				B6CDCC932E340521004FDF82 /* BinaryReader.m */,
				B6CDCC952E3405F0004FDF82 /* BinaryWriter.h */,
				B6CDCC962E340622004FDF82 /* BinaryWriter.m */,
			);
			path = IO;
			sourceTree = "<group>";
		};
		B6CDCCAB2E342C69004FDF82 /* Interfaces */ = {
			isa = PBXGroup;
			children = (
				B6CDCCAC2E342CAA004FDF82 /* IPackageHeader.h */,
				B6CDCCAF2E342D63004FDF82 /* IPackageHeaderHole.h */,
				B6CDCCB02E3438A4004FDF82 /* IPackageHeaderIndex.h */,
				B6CDCCB52E3447B2004FDF82 /* IPackedFileDescriptorSimple.h */,
				B6CDCCB62E344A43004FDF82 /* IPackedFileDescriptor.h */,
				B6CDCCBD2E34665C004FDF82 /* IPackageFile.h */,
				B64E6BA42E353091009AD0A7 /* IAlias.h */,
				B64E6BBA2E354556009AD0A7 /* IWrapper.h */,
				B64E6BBC2E354958009AD0A7 /* IFileWrapper.h */,
				B64E6BBD2E354A11009AD0A7 /* IPackedFileWrapper.h */,
				B632A4382E36B8AD0024810C /* IFileWrapperSaveExtension.h */,
				B632A4392E36B9120024810C /* IPackedFileSaveExtension.h */,
				B69F34F02E37F564007EEA89 /* IPackedFile.h */,
				B66C34612E3BC15100B4B9B8 /* IProviderRegistry.h */,
				B6819DE82E3C078F00E37434 /* IScenegraphFileIndexItem.h */,
				B69C59F02E3E7FBA00794FC7 /* IWrapperRegistry.h */,
				B69C59F12E3E803F00794FC7 /* IWrapperInfo.h */,
				B69C59F22E3E807C00794FC7 /* IWrapperFactory.h */,
				B69C5A392E3ED55D00794FC7 /* IScenegraphFileIndex.h */,
				B6FDC59D2E402907004E8AA6 /* ISettings.h */,
				B6FDC59E2E402956004E8AA6 /* ISettingsFactory.h */,
				B6BBE6F82E40F17D003D5BCC /* ISettingsRegistry.h */,
				B6BBE6F92E40F228003D5BCC /* ICommandLIne.h */,
				B6BBE6FA2E40F289003D5BCC /* ICommandLineFactory.h */,
				B6F4409E2E4657A000870564 /* IScenegraphItem.h */,
				B6B02CD52E4EB567009240FD /* IPackedFileUI.h */,
				B6B02CE22E4EC150009240FD /* IScenegraphBlock.h */,
			);
			path = Interfaces;
			sourceTree = "<group>";
		};
		B6CDCCB12E3440CA004FDF82 /* Helper */ = {
			isa = PBXGroup;
			children = (
				B64E6BA52E353151009AD0A7 /* Alias.h */,
				B64E6BA62E3531DF009AD0A7 /* Alias.m */,
				B6F440A82E465FB000870564 /* ArgParser.h */,
				B6F440A92E465FDF00870564 /* ArgParser.m */,
				B6F4409F2E46585D00870564 /* ASerializeFormater.h */,
				B6F440A02E46589400870564 /* ASerializeFormater.m */,
				B69C5A252E3EC4F000794FC7 /* CaseInvariantArrayList.h */,
				B69C5A262E3EC52000794FC7 /* CaseInvariantArrayList.m */,
				B6F440A22E465E7B00870564 /* Containers.h */,
				B6F440A32E465EB300870564 /* Containers.m */,
				B6F440A52E465EF200870564 /* CountedListItem.h */,
				B6F440A62E465F2500870564 /* CountedListItem.m */,
				B69F34DB2E37EDA9007EEA89 /* CRC.h */,
				B69F34DC2E37EEA9007EEA89 /* CRC.m */,
				B69F34DE2E37EF5F007EEA89 /* CRCParameters.h */,
				B69F34DF2E37EF74007EEA89 /* CRCParameters.m */,
				B69F34E12E37EFF2007EEA89 /* CRCStandard.h */,
				B69C5A332E3ED19000794FC7 /* DescriptiveSerializer.h */,
				B69C5A342E3ED1E600794FC7 /* DescriptiveSerializer.m */,
				B6F440AB2E4660A100870564 /* ExceptionForm.h */,
				B6F440AC2E4661D800870564 /* ExceptionForm.m */,
				B69C59F82E3E8D8900794FC7 /* ExpansionItem.h */,
				B69C59F92E3E8DF000794FC7 /* ExpansionItem.m */,
				B69C59FB2E3E904C00794FC7 /* FlagBase.h */,
				B69C59FC2E3E907000794FC7 /* FlagBase.m */,
				B6F440AE2E46640900870564 /* FlagBaseConverter.h */,
				B6F440AF2E46643B00870564 /* FlagBaseConverter.m */,
				B6F440B12E46657F00870564 /* FlagObjectBuilder.h */,
				B6F440B22E4665BD00870564 /* FlagObjectBuilder.m */,
				B69C59F52E3E8BFA00794FC7 /* GlobalizedObject.h */,
				B69C59F62E3E8CC900794FC7 /* GlobalizedObject.m */,
				B69F34D82E37EC48007EEA89 /* Hashes.h */,
				B69F34D92E37ECDD007EEA89 /* Hashes.m */,
				B64E6BAB2E353489009AD0A7 /* Helper.h */,
				B64E6BAC2E3534BB009AD0A7 /* Helper.m */,
				B69C59FE2E3E915100794FC7 /* IniRegistry.h */,
				B69C59FF2E3E918100794FC7 /* IniRegistry.m */,
				B6CDCCB82E3451DA004FDF82 /* IPackedFileDescriptorBasic.h */,
				B64E6BBE2E354AD1009AD0A7 /* IPackedFileName.h */,
				B69C5A322E3ECFF700794FC7 /* IPropertyClass.h */,
				B69C5A312E3ECF7A00794FC7 /* ISerializeFormater.h */,
				B61CE5702E3A879B00547C40 /* IWaitingBarControl.h */,
				B61CE5982E3ADA8B00547C40 /* Localization.h */,
				B61CE5992E3ADAB200547C40 /* Localization.m */,
				B6CDCCB22E3440F7004FDF82 /* MetaData.h */,
				B6CDCCB32E34416F004FDF82 /* MetaData.m */,
				B62437DC2E35A0450052119F /* Parameters.h */,
				B62437DD2E35A0950052119F /* Parameters.m */,
				B66C34622E3BC28400B4B9B8 /* PathProvider.h */,
				B66C34632E3BC2D900B4B9B8 /* PathProvider.m */,
				B66C34652E3BC5E900B4B9B8 /* PathSettings.h */,
				B66C34662E3BC60900B4B9B8 /* PathSettings.m */,
				B64E6BBF2E3571AF009AD0A7 /* Registry.h */,
				B62437DA2E3597690052119F /* Registry.m */,
				B69C5A2E2E3ECECE00794FC7 /* Serializer.h */,
				B69C5A2F2E3ECEF200794FC7 /* Serializer.m */,
				B62437DF2E35A1190052119F /* TGILoader.h */,
				B62437E02E35A15B0052119F /* TGILoader.m */,
				B69C5A362E3ED3BB00794FC7 /* Thread.h */,
				B69C5A372E3ED3E200794FC7 /* Thread.m */,
				B64E6BA82E353310009AD0A7 /* TypeAlias.h */,
				B64E6BA92E35335B009AD0A7 /* TypeAlias.m */,
				B61CE5712E3A87BF00547C40 /* Wait.h */,
				B61CE5722E3A882000547C40 /* Wait.m */,
				B6FDC58E2E3FDA2F004E8AA6 /* WaitingForm.h */,
				B6FDC58F2E3FDAA4004E8AA6 /* WaitingForm.m */,
				B6FDC58B2E3FD993004E8AA6 /* WaitingScreen.h */,
				B6FDC58C2E3FD9D7004E8AA6 /* WaitingScreen.m */,
				B69C5A2B2E3EC80D00794FC7 /* WarningException.h */,
				B69C5A2C2E3EC83B00794FC7 /* WarningException.m */,
				B69C5A282E3EC5B700794FC7 /* XmlRegistryKey.h */,
				B69C5A292E3EC5E300794FC7 /* XmlRegistryKey.m */,
			);
			path = Helper;
			sourceTree = "<group>";
		};
/* End PBXGroup section */

/* Begin PBXNativeTarget section */
		B6CDCC432E33E837004FDF82 /* MacSimpe */ = {
			isa = PBXNativeTarget;
			buildConfigurationList = B6CDCC6D2E33E838004FDF82 /* Build configuration list for PBXNativeTarget "MacSimpe" */;
			buildPhases = (
				B6CDCC402E33E837004FDF82 /* Sources */,
				B6CDCC412E33E837004FDF82 /* Frameworks */,
				B6CDCC422E33E837004FDF82 /* Resources */,
			);
			buildRules = (
			);
			dependencies = (
			);
			fileSystemSynchronizedGroups = (
				B6CDCC462E33E837004FDF82 /* MacSimpe */,
			);
			name = MacSimpe;
			packageProductDependencies = (
			);
			productName = MacSimpe;
			productReference = B6CDCC442E33E837004FDF82 /* MacSimpe.app */;
			productType = "com.apple.product-type.application";
		};
		B6CDCC582E33E838004FDF82 /* MacSimpeTests */ = {
			isa = PBXNativeTarget;
			buildConfigurationList = B6CDCC702E33E838004FDF82 /* Build configuration list for PBXNativeTarget "MacSimpeTests" */;
			buildPhases = (
				B6CDCC552E33E838004FDF82 /* Sources */,
				B6CDCC562E33E838004FDF82 /* Frameworks */,
				B6CDCC572E33E838004FDF82 /* Resources */,
			);
			buildRules = (
			);
			dependencies = (
				B6CDCC5B2E33E838004FDF82 /* PBXTargetDependency */,
			);
			fileSystemSynchronizedGroups = (
				B6CDCC5C2E33E838004FDF82 /* MacSimpeTests */,
			);
			name = MacSimpeTests;
			packageProductDependencies = (
			);
			productName = MacSimpeTests;
			productReference = B6CDCC592E33E838004FDF82 /* MacSimpeTests.xctest */;
			productType = "com.apple.product-type.bundle.unit-test";
		};
		B6CDCC622E33E838004FDF82 /* MacSimpeUITests */ = {
			isa = PBXNativeTarget;
			buildConfigurationList = B6CDCC732E33E838004FDF82 /* Build configuration list for PBXNativeTarget "MacSimpeUITests" */;
			buildPhases = (
				B6CDCC5F2E33E838004FDF82 /* Sources */,
				B6CDCC602E33E838004FDF82 /* Frameworks */,
				B6CDCC612E33E838004FDF82 /* Resources */,
			);
			buildRules = (
			);
			dependencies = (
				B6CDCC652E33E838004FDF82 /* PBXTargetDependency */,
			);
			fileSystemSynchronizedGroups = (
				B6CDCC662E33E838004FDF82 /* MacSimpeUITests */,
			);
			name = MacSimpeUITests;
			packageProductDependencies = (
			);
			productName = MacSimpeUITests;
			productReference = B6CDCC632E33E838004FDF82 /* MacSimpeUITests.xctest */;
			productType = "com.apple.product-type.bundle.ui-testing";
		};
/* End PBXNativeTarget section */

/* Begin PBXProject section */
		B6CDCC3C2E33E837004FDF82 /* Project object */ = {
			isa = PBXProject;
			attributes = {
				BuildIndependentTargetsInParallel = 1;
				LastUpgradeCheck = 1640;
				TargetAttributes = {
					B6CDCC432E33E837004FDF82 = {
						CreatedOnToolsVersion = 16.4;
					};
					B6CDCC582E33E838004FDF82 = {
						CreatedOnToolsVersion = 16.4;
						TestTargetID = B6CDCC432E33E837004FDF82;
					};
					B6CDCC622E33E838004FDF82 = {
						CreatedOnToolsVersion = 16.4;
						TestTargetID = B6CDCC432E33E837004FDF82;
					};
				};
			};
			buildConfigurationList = B6CDCC3F2E33E837004FDF82 /* Build configuration list for PBXProject "MacSimpe" */;
			developmentRegion = en;
			hasScannedForEncodings = 0;
			knownRegions = (
				en,
				Base,
			);
			mainGroup = B6CDCC3B2E33E837004FDF82;
			minimizedProjectReferenceProxies = 1;
			preferredProjectObjectVersion = 77;
			productRefGroup = B6CDCC452E33E837004FDF82 /* Products */;
			projectDirPath = "";
			projectRoot = "";
			targets = (
				B6CDCC432E33E837004FDF82 /* MacSimpe */,
				B6CDCC582E33E838004FDF82 /* MacSimpeTests */,
				B6CDCC622E33E838004FDF82 /* MacSimpeUITests */,
			);
		};
/* End PBXProject section */

/* Begin PBXResourcesBuildPhase section */
		B6CDCC422E33E837004FDF82 /* Resources */ = {
			isa = PBXResourcesBuildPhase;
			buildActionMask = 2147483647;
			files = (
				B62437EE2E35A3350052119F /* additionalschools.xml in Resources */,
				B62437F02E35A3490052119F /* additionalmajors.xml in Resources */,
				B62437E82E35A2DD0052119F /* semiglobals.xml in Resources */,
				B62437E42E35A2990052119F /* tgi.xml in Resources */,
				B62437E62E35A2C20052119F /* txmtdefinition.xml in Resources */,
				B62437EA2E35A2FB0052119F /* objddefinition.xml in Resources */,
				B62437F22E35A35C0052119F /* additionalcareers.xml in Resources */,
				B62437EC2E35A3190052119F /* hoods.xml in Resources */,
			);
			runOnlyForDeploymentPostprocessing = 0;
		};
		B6CDCC572E33E838004FDF82 /* Resources */ = {
			isa = PBXResourcesBuildPhase;
			buildActionMask = 2147483647;
			files = (
			);
			runOnlyForDeploymentPostprocessing = 0;
		};
		B6CDCC612E33E838004FDF82 /* Resources */ = {
			isa = PBXResourcesBuildPhase;
			buildActionMask = 2147483647;
			files = (
			);
			runOnlyForDeploymentPostprocessing = 0;
		};
/* End PBXResourcesBuildPhase section */

/* Begin PBXSourcesBuildPhase section */
		B6CDCC402E33E837004FDF82 /* Sources */ = {
			isa = PBXSourcesBuildPhase;
			buildActionMask = 2147483647;
			files = (
				B69F34DD2E37EEA9007EEA89 /* CRC.m in Sources */,
				B64EEF752E39851A0008E7CA /* ResourceTreeNodeExt.m in Sources */,
				B69F34F72E383644007EEA89 /* ResourceViewManagerHelpers.m in Sources */,
				B69C5A272E3EC52000794FC7 /* CaseInvariantArrayList.m in Sources */,
				B6F440A12E46589400870564 /* ASerializeFormater.m in Sources */,
				B66C34642E3BC2D900B4B9B8 /* PathProvider.m in Sources */,
				B69F34EF2E37F4D6007EEA89 /* PackedFile.m in Sources */,
				B61CE5732E3A882000547C40 /* Wait.m in Sources */,
				B62437DE2E35A0950052119F /* Parameters.m in Sources */,
				B66C34672E3BC60900B4B9B8 /* PathSettings.m in Sources */,
				B6CDCC7D2E33EB1F004FDF82 /* ToolTypes.m in Sources */,
				B69F34F42E3835A1007EEA89 /* ResourceViewManager.m in Sources */,
				B6CDCC9D2E34271B004FDF82 /* HeaderIndex.m in Sources */,
				B6B02CCE2E4EB2B8009240FD /* AbstractWrapper.m in Sources */,
				B6B02CD82E4EBA34009240FD /* RcolUI.m in Sources */,
				B69F34E02E37EF74007EEA89 /* CRCParameters.m in Sources */,
				B6CDCC812E33EBD2004FDF82 /* SidebarView.m in Sources */,
				B64F1C9B2E43FEC3001C0DEC /* XmlPackageReaderBase.m in Sources */,
				B69F34EC2E37F3F3007EEA89 /* GeneratableFile.m in Sources */,
				B6B02CE12E4EC0E7009240FD /* ScenegraphHelper.m in Sources */,
				B61CE5A32E3AE68400547C40 /* PackageRepair.m in Sources */,
				B61CE5692E3A84A200547C40 /* ResourceNameSorter.m in Sources */,
				B64EEF782E3985AC0008E7CA /* ResourceTreeNodesByGroup.m in Sources */,
				B6819E582E3E734000E37434 /* FileIndexItem.m in Sources */,
				B69C59FD2E3E907000794FC7 /* FlagBase.m in Sources */,
				B6CDCC772E33E8C7004FDF82 /* SharedTypes.m in Sources */,
				B6B02CDE2E4EBF3B009240FD /* WrapperBaseControl.m in Sources */,
				B6CDCC902E340297004FDF82 /* FileStream.m in Sources */,
				B69F34DA2E37ECDD007EEA89 /* Hashes.m in Sources */,
				B61CE56C2E3A85A800547C40 /* ViewFilter.m in Sources */,
				B69F34E92E37F37C007EEA89 /* ExtractableFile.m in Sources */,
				B6FDC58D2E3FD9D7004E8AA6 /* WaitingScreen.m in Sources */,
				B6CDCCAA2E342B97004FDF82 /* PackedFileDescriptor.m in Sources */,
				B6F440AD2E4661D800870564 /* ExceptionForm.m in Sources */,
				B61CE59A2E3ADAB200547C40 /* Localization.m in Sources */,
				B69C59F72E3E8CC900794FC7 /* GlobalizedObject.m in Sources */,
				B69C59FA2E3E8DF000794FC7 /* ExpansionItem.m in Sources */,
				B64EEF4B2E3974800008E7CA /* ResourceListViewExtSelection.m in Sources */,
				B6B02CD42E4EB38D009240FD /* RemoteControl.m in Sources */,
				B69C5A352E3ED1E600794FC7 /* DescriptiveSerializer.m in Sources */,
				B64E6BAD2E3534BB009AD0A7 /* Helper.m in Sources */,
				B69C5A302E3ECEF200794FC7 /* Serializer.m in Sources */,
				B61CE5A62E3AE72300547C40 /* SimPEResourceIndex.m in Sources */,
				B6CDCC942E340521004FDF82 /* BinaryReader.m in Sources */,
				B69F35182E385E4F007EEA89 /* NamedPackedFileDescriptor.m in Sources */,
				B69C5A2D2E3EC83B00794FC7 /* WarningException.m in Sources */,
				B64F1CA12E44041A001C0DEC /* FileTableItemType.m in Sources */,
				B61CE5A02E3AE10A00547C40 /* FileTableBase.m in Sources */,
				B6FDC59C2E3FE170004E8AA6 /* StreamMaintainer.m in Sources */,
				B6B02CCF2E4EB2C8009240FD /* AbstractFactory.m in Sources */,
				B6F440B02E46643B00870564 /* FlagBaseConverter.m in Sources */,
				B6CDCC972E340622004FDF82 /* BinaryWriter.m in Sources */,
				B6CDCCA32E342902004FDF82 /* HoleIndexItem.m in Sources */,
				B61C4CFC2E456EF300BC38B4 /* PackageFiles.m in Sources */,
				B64E6BAA2E35335B009AD0A7 /* TypeAlias.m in Sources */,
				B64EEF722E3981A00008E7CA /* ResourceListViewExtSorting.m in Sources */,
				B6FDC5902E3FDAA4004E8AA6 /* WaitingForm.m in Sources */,
				B69C5A002E3E918100794FC7 /* IniRegistry.m in Sources */,
				B64EEF7B2E39862F0008E7CA /* ResourceTreeNodesByInstance.m in Sources */,
				B69F350F2E3848E1007EEA89 /* ResourceTreeViewExt.m in Sources */,
				B69F34FA2E3839E7007EEA89 /* ClstItem.m in Sources */,
				B64EEF452E3938AE0008E7CA /* AResourceTreeNodeBuilder.m in Sources */,
				B6CDCC8E2E33FE4E004FDF82 /* MemoryStream.m in Sources */,
				B62437DB2E3597690052119F /* Registry.m in Sources */,
				B6CDCC862E33F887004FDF82 /* File.m in Sources */,
				B6CDCC9A2E340790004FDF82 /* HeaderData.m in Sources */,
				B6B02CD12E4EB2FC009240FD /* FileTable.m in Sources */,
				B69C5A2A2E3EC5E300794FC7 /* XmlRegistryKey.m in Sources */,
				B69F35152E385D41007EEA89 /* ResourceListViewExt.m in Sources */,
				B64F1C9E2E44011C001C0DEC /* FileTableItem.m in Sources */,
				B62437E12E35A15B0052119F /* TGILoader.m in Sources */,
				B6CDCCB42E34416F004FDF82 /* MetaData.m in Sources */,
				B6CDCCA72E342B3D004FDF82 /* PackedFileDescriptorSimple.m in Sources */,
				B6B02CD02E4EB2E5009240FD /* CompressedFileList.m in Sources */,
				B6CDCCBB2E345922004FDF82 /* PackedFileDescriptors.m in Sources */,
				B64EEF482E3939610008E7CA /* ResourceListItemExt.m in Sources */,
				B64F1CA42E4404F9001C0DEC /* Settings.m in Sources */,
				B64E6BA72E3531DF009AD0A7 /* Alias.m in Sources */,
				B6CDCC8B2E33FC6B004FDF82 /* Stream.m in Sources */,
				B6B02CDB2E4EBADF009240FD /* RcolForm.m in Sources */,
				B69C5A382E3ED3E200794FC7 /* Thread.m in Sources */,
				B6B02CD32E4EB331009240FD /* GenericRcolWrapper.m in Sources */,
				B6F440AA2E465FDF00870564 /* ArgParser.m in Sources */,
				B6F440B32E4665BD00870564 /* FlagObjectBuilder.m in Sources */,
				B6F440A42E465EB300870564 /* Containers.m in Sources */,
				B69F34FD2E383AE6007EEA89 /* ResourceMaps.m in Sources */,
				B61CE56F2E3A863800547C40 /* WaitControl.m in Sources */,
				B6B02CD22E4EB32A009240FD /* RcolWrapper.m in Sources */,
				B6F440A72E465F2500870564 /* CountedListItem.m in Sources */,
				B69F34E62E37F319007EEA89 /* PackageMaintainer.m in Sources */,
				B64EEF812E3987F20008E7CA /* ResourceTreeTypeNodeExt.m in Sources */,
				B65044672E46C40F0014569E /* DBPFIndexUtility.m in Sources */,
				B6CDCCA02E3427DE004FDF82 /* HeaderHole.m in Sources */,
				B64EEF7E2E3986BB0008E7CA /* ResourceTreeNodesByType.m in Sources */,
			);
			runOnlyForDeploymentPostprocessing = 0;
		};
		B6CDCC552E33E838004FDF82 /* Sources */ = {
			isa = PBXSourcesBuildPhase;
			buildActionMask = 2147483647;
			files = (
			);
			runOnlyForDeploymentPostprocessing = 0;
		};
		B6CDCC5F2E33E838004FDF82 /* Sources */ = {
			isa = PBXSourcesBuildPhase;
			buildActionMask = 2147483647;
			files = (
			);
			runOnlyForDeploymentPostprocessing = 0;
		};
/* End PBXSourcesBuildPhase section */

/* Begin PBXTargetDependency section */
		B6CDCC5B2E33E838004FDF82 /* PBXTargetDependency */ = {
			isa = PBXTargetDependency;
			target = B6CDCC432E33E837004FDF82 /* MacSimpe */;
			targetProxy = B6CDCC5A2E33E838004FDF82 /* PBXContainerItemProxy */;
		};
		B6CDCC652E33E838004FDF82 /* PBXTargetDependency */ = {
			isa = PBXTargetDependency;
			target = B6CDCC432E33E837004FDF82 /* MacSimpe */;
			targetProxy = B6CDCC642E33E838004FDF82 /* PBXContainerItemProxy */;
		};
/* End PBXTargetDependency section */

/* Begin XCBuildConfiguration section */
		B6CDCC6B2E33E838004FDF82 /* Debug */ = {
			isa = XCBuildConfiguration;
			buildSettings = {
				ALWAYS_SEARCH_USER_PATHS = NO;
				ASSETCATALOG_COMPILER_GENERATE_SWIFT_ASSET_SYMBOL_EXTENSIONS = YES;
				CLANG_ANALYZER_NONNULL = YES;
				CLANG_ANALYZER_NUMBER_OBJECT_CONVERSION = YES_AGGRESSIVE;
				CLANG_CXX_LANGUAGE_STANDARD = "gnu++20";
				CLANG_ENABLE_MODULES = YES;
				CLANG_ENABLE_OBJC_ARC = YES;
				CLANG_ENABLE_OBJC_WEAK = YES;
				CLANG_WARN_BLOCK_CAPTURE_AUTORELEASING = YES;
				CLANG_WARN_BOOL_CONVERSION = YES;
				CLANG_WARN_COMMA = YES;
				CLANG_WARN_CONSTANT_CONVERSION = YES;
				CLANG_WARN_DEPRECATED_OBJC_IMPLEMENTATIONS = YES;
				CLANG_WARN_DIRECT_OBJC_ISA_USAGE = YES_ERROR;
				CLANG_WARN_DOCUMENTATION_COMMENTS = YES;
				CLANG_WARN_EMPTY_BODY = YES;
				CLANG_WARN_ENUM_CONVERSION = YES;
				CLANG_WARN_INFINITE_RECURSION = YES;
				CLANG_WARN_INT_CONVERSION = YES;
				CLANG_WARN_NON_LITERAL_NULL_CONVERSION = YES;
				CLANG_WARN_OBJC_IMPLICIT_RETAIN_SELF = YES;
				CLANG_WARN_OBJC_LITERAL_CONVERSION = YES;
				CLANG_WARN_OBJC_ROOT_CLASS = YES_ERROR;
				CLANG_WARN_QUOTED_INCLUDE_IN_FRAMEWORK_HEADER = YES;
				CLANG_WARN_RANGE_LOOP_ANALYSIS = YES;
				CLANG_WARN_STRICT_PROTOTYPES = YES;
				CLANG_WARN_SUSPICIOUS_MOVE = YES;
				CLANG_WARN_UNGUARDED_AVAILABILITY = YES_AGGRESSIVE;
				CLANG_WARN_UNREACHABLE_CODE = YES;
				CLANG_WARN__DUPLICATE_METHOD_MATCH = YES;
				COPY_PHASE_STRIP = NO;
				DEBUG_INFORMATION_FORMAT = dwarf;
				DEVELOPMENT_TEAM = AJHGU52KS3;
				ENABLE_STRICT_OBJC_MSGSEND = YES;
				ENABLE_TESTABILITY = YES;
				ENABLE_USER_SCRIPT_SANDBOXING = YES;
				GCC_C_LANGUAGE_STANDARD = gnu17;
				GCC_DYNAMIC_NO_PIC = NO;
				GCC_NO_COMMON_BLOCKS = YES;
				GCC_OPTIMIZATION_LEVEL = 0;
				GCC_PREPROCESSOR_DEFINITIONS = (
					"DEBUG=1",
					"$(inherited)",
				);
				GCC_WARN_64_TO_32_BIT_CONVERSION = YES;
				GCC_WARN_ABOUT_RETURN_TYPE = YES_ERROR;
				GCC_WARN_UNDECLARED_SELECTOR = YES;
				GCC_WARN_UNINITIALIZED_AUTOS = YES_AGGRESSIVE;
				GCC_WARN_UNUSED_FUNCTION = YES;
				GCC_WARN_UNUSED_VARIABLE = YES;
				LOCALIZATION_PREFERS_STRING_CATALOGS = YES;
				MACOSX_DEPLOYMENT_TARGET = 15.5;
				MTL_ENABLE_DEBUG_INFO = INCLUDE_SOURCE;
				MTL_FAST_MATH = YES;
				ONLY_ACTIVE_ARCH = YES;
				SDKROOT = macosx;
			};
			name = Debug;
		};
		B6CDCC6C2E33E838004FDF82 /* Release */ = {
			isa = XCBuildConfiguration;
			buildSettings = {
				ALWAYS_SEARCH_USER_PATHS = NO;
				ASSETCATALOG_COMPILER_GENERATE_SWIFT_ASSET_SYMBOL_EXTENSIONS = YES;
				CLANG_ANALYZER_NONNULL = YES;
				CLANG_ANALYZER_NUMBER_OBJECT_CONVERSION = YES_AGGRESSIVE;
				CLANG_CXX_LANGUAGE_STANDARD = "gnu++20";
				CLANG_ENABLE_MODULES = YES;
				CLANG_ENABLE_OBJC_ARC = YES;
				CLANG_ENABLE_OBJC_WEAK = YES;
				CLANG_WARN_BLOCK_CAPTURE_AUTORELEASING = YES;
				CLANG_WARN_BOOL_CONVERSION = YES;
				CLANG_WARN_COMMA = YES;
				CLANG_WARN_CONSTANT_CONVERSION = YES;
				CLANG_WARN_DEPRECATED_OBJC_IMPLEMENTATIONS = YES;
				CLANG_WARN_DIRECT_OBJC_ISA_USAGE = YES_ERROR;
				CLANG_WARN_DOCUMENTATION_COMMENTS = YES;
				CLANG_WARN_EMPTY_BODY = YES;
				CLANG_WARN_ENUM_CONVERSION = YES;
				CLANG_WARN_INFINITE_RECURSION = YES;
				CLANG_WARN_INT_CONVERSION = YES;
				CLANG_WARN_NON_LITERAL_NULL_CONVERSION = YES;
				CLANG_WARN_OBJC_IMPLICIT_RETAIN_SELF = YES;
				CLANG_WARN_OBJC_LITERAL_CONVERSION = YES;
				CLANG_WARN_OBJC_ROOT_CLASS = YES_ERROR;
				CLANG_WARN_QUOTED_INCLUDE_IN_FRAMEWORK_HEADER = YES;
				CLANG_WARN_RANGE_LOOP_ANALYSIS = YES;
				CLANG_WARN_STRICT_PROTOTYPES = YES;
				CLANG_WARN_SUSPICIOUS_MOVE = YES;
				CLANG_WARN_UNGUARDED_AVAILABILITY = YES_AGGRESSIVE;
				CLANG_WARN_UNREACHABLE_CODE = YES;
				CLANG_WARN__DUPLICATE_METHOD_MATCH = YES;
				COPY_PHASE_STRIP = NO;
				DEBUG_INFORMATION_FORMAT = "dwarf-with-dsym";
				DEVELOPMENT_TEAM = AJHGU52KS3;
				ENABLE_NS_ASSERTIONS = NO;
				ENABLE_STRICT_OBJC_MSGSEND = YES;
				ENABLE_USER_SCRIPT_SANDBOXING = YES;
				GCC_C_LANGUAGE_STANDARD = gnu17;
				GCC_NO_COMMON_BLOCKS = YES;
				GCC_WARN_64_TO_32_BIT_CONVERSION = YES;
				GCC_WARN_ABOUT_RETURN_TYPE = YES_ERROR;
				GCC_WARN_UNDECLARED_SELECTOR = YES;
				GCC_WARN_UNINITIALIZED_AUTOS = YES_AGGRESSIVE;
				GCC_WARN_UNUSED_FUNCTION = YES;
				GCC_WARN_UNUSED_VARIABLE = YES;
				LOCALIZATION_PREFERS_STRING_CATALOGS = YES;
				MACOSX_DEPLOYMENT_TARGET = 15.5;
				MTL_ENABLE_DEBUG_INFO = NO;
				MTL_FAST_MATH = YES;
				SDKROOT = macosx;
			};
			name = Release;
		};
		B6CDCC6E2E33E838004FDF82 /* Debug */ = {
			isa = XCBuildConfiguration;
			buildSettings = {
				ASSETCATALOG_COMPILER_APPICON_NAME = AppIcon;
				ASSETCATALOG_COMPILER_GLOBAL_ACCENT_COLOR_NAME = AccentColor;
				CODE_SIGN_ENTITLEMENTS = MacSimpe/MacSimpe.entitlements;
				CODE_SIGN_STYLE = Automatic;
				COMBINE_HIDPI_IMAGES = YES;
				CURRENT_PROJECT_VERSION = 1;
				DEVELOPMENT_TEAM = AJHGU52KS3;
				ENABLE_HARDENED_RUNTIME = YES;
				GENERATE_INFOPLIST_FILE = YES;
				INFOPLIST_KEY_CFBundleDisplayName = "SimPE for Mac";
				INFOPLIST_KEY_LSApplicationCategoryType = "public.app-category.utilities";
				INFOPLIST_KEY_NSHumanReadableCopyright = "";
				INFOPLIST_KEY_NSMainStoryboardFile = Main;
				INFOPLIST_KEY_NSPrincipalClass = NSApplication;
				LD_RUNPATH_SEARCH_PATHS = (
					"$(inherited)",
					"@executable_path/../Frameworks",
				);
				MACOSX_DEPLOYMENT_TARGET = 13.5;
				MARKETING_VERSION = 1.0;
				PRODUCT_BUNDLE_IDENTIFIER = "Gramze-Sweatshop.MacSimpe";
				PRODUCT_NAME = "$(TARGET_NAME)";
				REGISTER_APP_GROUPS = YES;
				SWIFT_EMIT_LOC_STRINGS = YES;
			};
			name = Debug;
		};
		B6CDCC6F2E33E838004FDF82 /* Release */ = {
			isa = XCBuildConfiguration;
			buildSettings = {
				ASSETCATALOG_COMPILER_APPICON_NAME = AppIcon;
				ASSETCATALOG_COMPILER_GLOBAL_ACCENT_COLOR_NAME = AccentColor;
				CODE_SIGN_ENTITLEMENTS = MacSimpe/MacSimpe.entitlements;
				CODE_SIGN_STYLE = Automatic;
				COMBINE_HIDPI_IMAGES = YES;
				CURRENT_PROJECT_VERSION = 1;
				DEVELOPMENT_TEAM = AJHGU52KS3;
				ENABLE_HARDENED_RUNTIME = YES;
				GENERATE_INFOPLIST_FILE = YES;
				INFOPLIST_KEY_CFBundleDisplayName = "SimPE for Mac";
				INFOPLIST_KEY_LSApplicationCategoryType = "public.app-category.utilities";
				INFOPLIST_KEY_NSHumanReadableCopyright = "";
				INFOPLIST_KEY_NSMainStoryboardFile = Main;
				INFOPLIST_KEY_NSPrincipalClass = NSApplication;
				LD_RUNPATH_SEARCH_PATHS = (
					"$(inherited)",
					"@executable_path/../Frameworks",
				);
				MACOSX_DEPLOYMENT_TARGET = 13.5;
				MARKETING_VERSION = 1.0;
				PRODUCT_BUNDLE_IDENTIFIER = "Gramze-Sweatshop.MacSimpe";
				PRODUCT_NAME = "$(TARGET_NAME)";
				REGISTER_APP_GROUPS = YES;
				SWIFT_EMIT_LOC_STRINGS = YES;
			};
			name = Release;
		};
		B6CDCC712E33E838004FDF82 /* Debug */ = {
			isa = XCBuildConfiguration;
			buildSettings = {
				BUNDLE_LOADER = "$(TEST_HOST)";
				CODE_SIGN_STYLE = Automatic;
				CURRENT_PROJECT_VERSION = 1;
				DEVELOPMENT_TEAM = AJHGU52KS3;
				GENERATE_INFOPLIST_FILE = YES;
				MACOSX_DEPLOYMENT_TARGET = 15.5;
				MARKETING_VERSION = 1.0;
				PRODUCT_BUNDLE_IDENTIFIER = "Gramze-Sweatshop.MacSimpeTests";
				PRODUCT_NAME = "$(TARGET_NAME)";
				SWIFT_EMIT_LOC_STRINGS = NO;
				TEST_HOST = "$(BUILT_PRODUCTS_DIR)/MacSimpe.app/$(BUNDLE_EXECUTABLE_FOLDER_PATH)/MacSimpe";
			};
			name = Debug;
		};
		B6CDCC722E33E838004FDF82 /* Release */ = {
			isa = XCBuildConfiguration;
			buildSettings = {
				BUNDLE_LOADER = "$(TEST_HOST)";
				CODE_SIGN_STYLE = Automatic;
				CURRENT_PROJECT_VERSION = 1;
				DEVELOPMENT_TEAM = AJHGU52KS3;
				GENERATE_INFOPLIST_FILE = YES;
				MACOSX_DEPLOYMENT_TARGET = 15.5;
				MARKETING_VERSION = 1.0;
				PRODUCT_BUNDLE_IDENTIFIER = "Gramze-Sweatshop.MacSimpeTests";
				PRODUCT_NAME = "$(TARGET_NAME)";
				SWIFT_EMIT_LOC_STRINGS = NO;
				TEST_HOST = "$(BUILT_PRODUCTS_DIR)/MacSimpe.app/$(BUNDLE_EXECUTABLE_FOLDER_PATH)/MacSimpe";
			};
			name = Release;
		};
		B6CDCC742E33E838004FDF82 /* Debug */ = {
			isa = XCBuildConfiguration;
			buildSettings = {
				CODE_SIGN_STYLE = Automatic;
				CURRENT_PROJECT_VERSION = 1;
				DEVELOPMENT_TEAM = AJHGU52KS3;
				GENERATE_INFOPLIST_FILE = YES;
				MARKETING_VERSION = 1.0;
				PRODUCT_BUNDLE_IDENTIFIER = "Gramze-Sweatshop.MacSimpeUITests";
				PRODUCT_NAME = "$(TARGET_NAME)";
				SWIFT_EMIT_LOC_STRINGS = NO;
				TEST_TARGET_NAME = MacSimpe;
			};
			name = Debug;
		};
		B6CDCC752E33E838004FDF82 /* Release */ = {
			isa = XCBuildConfiguration;
			buildSettings = {
				CODE_SIGN_STYLE = Automatic;
				CURRENT_PROJECT_VERSION = 1;
				DEVELOPMENT_TEAM = AJHGU52KS3;
				GENERATE_INFOPLIST_FILE = YES;
				MARKETING_VERSION = 1.0;
				PRODUCT_BUNDLE_IDENTIFIER = "Gramze-Sweatshop.MacSimpeUITests";
				PRODUCT_NAME = "$(TARGET_NAME)";
				SWIFT_EMIT_LOC_STRINGS = NO;
				TEST_TARGET_NAME = MacSimpe;
			};
			name = Release;
		};
/* End XCBuildConfiguration section */

/* Begin XCConfigurationList section */
		B6CDCC3F2E33E837004FDF82 /* Build configuration list for PBXProject "MacSimpe" */ = {
			isa = XCConfigurationList;
			buildConfigurations = (
				B6CDCC6B2E33E838004FDF82 /* Debug */,
				B6CDCC6C2E33E838004FDF82 /* Release */,
			);
			defaultConfigurationIsVisible = 0;
			defaultConfigurationName = Release;
		};
		B6CDCC6D2E33E838004FDF82 /* Build configuration list for PBXNativeTarget "MacSimpe" */ = {
			isa = XCConfigurationList;
			buildConfigurations = (
				B6CDCC6E2E33E838004FDF82 /* Debug */,
				B6CDCC6F2E33E838004FDF82 /* Release */,
			);
			defaultConfigurationIsVisible = 0;
			defaultConfigurationName = Release;
		};
		B6CDCC702E33E838004FDF82 /* Build configuration list for PBXNativeTarget "MacSimpeTests" */ = {
			isa = XCConfigurationList;
			buildConfigurations = (
				B6CDCC712E33E838004FDF82 /* Debug */,
				B6CDCC722E33E838004FDF82 /* Release */,
			);
			defaultConfigurationIsVisible = 0;
			defaultConfigurationName = Release;
		};
		B6CDCC732E33E838004FDF82 /* Build configuration list for PBXNativeTarget "MacSimpeUITests" */ = {
			isa = XCConfigurationList;
			buildConfigurations = (
				B6CDCC742E33E838004FDF82 /* Debug */,
				B6CDCC752E33E838004FDF82 /* Release */,
			);
			defaultConfigurationIsVisible = 0;
			defaultConfigurationName = Release;
		};
/* End XCConfigurationList section */
	};
	rootObject = B6CDCC3C2E33E837004FDF82 /* Project object */;
}
